
Microsoft Visual Studio Solution File, Format Version 12.00
# Visual Studio Version 16
VisualStudioVersion = 16.0.32126.315
MinimumVisualStudioVersion = 10.0.40219.1
Project("{8BC9CEB8-8B4A-11D0-8D11-00A0C91BC942}") = "BOJ_Solved", "BOJ_Solved.vcxproj", "{0AEF4633-5641-4994-8656-96518A65F256}"
EndProject
Project("{8BC9CEB8-8B4A-11D0-8D11-00A0C91BC942}") = "1330_두 수 비교하기", "..\1330_두 수 비교하기\1330_두 수 비교하기.vcxproj", "{101231D5-B989-4A4B-88DA-754546EB4468}"
EndProject
Project("{8BC9CEB8-8B4A-11D0-8D11-00A0C91BC942}") = "9498_시험 성적", "..\9498_시험 성적\9498_시험 성적.vcxproj", "{8969BC22-B54C-435D-91A2-56CE09919A1A}"
EndProject
Project("{8BC9CEB8-8B4A-11D0-8D11-00A0C91BC942}") = "2753_윤년", "..\2753_윤년\2753_윤년.vcxproj", "{E751A4D8-C6C6-45A1-B0C2-824452C40EA6}"
EndProject
Project("{8BC9CEB8-8B4A-11D0-8D11-00A0C91BC942}") = "14681_사분면 고르기", "..\14681_사분면 고르기\14681_사분면 고르기.vcxproj", "{000787AE-B166-4125-84CF-A5692DD207CD}"
EndProject
Project("{8BC9CEB8-8B4A-11D0-8D11-00A0C91BC942}") = "2884_알람 시계", "..\2884_알람 시계\2884_알람 시계.vcxproj", "{328BED3A-7585-4158-9AD1-443E65D8E1C7}"
EndProject
Project("{8BC9CEB8-8B4A-11D0-8D11-00A0C91BC942}") = "2525_오븐 시계", "..\2525_오븐 시계\2525_오븐 시계.vcxproj", "{13AB52F0-0B53-485B-8EB9-231A567E0C06}"
EndProject
Project("{8BC9CEB8-8B4A-11D0-8D11-00A0C91BC942}") = "2480_주사위 세개", "..\2480_주사위 세개\2480_주사위 세개.vcxproj", "{0A6A0AB2-ABA1-42FB-B0A8-1595A034065F}"
EndProject
Project("{8BC9CEB8-8B4A-11D0-8D11-00A0C91BC942}") = "10828_스택", "..\10828_스택\10828_스택.vcxproj", "{68D727B1-2FAE-4DF9-A474-9015B3B6586D}"
EndProject
Project("{8BC9CEB8-8B4A-11D0-8D11-00A0C91BC942}") = "10773_제로", "..\10773_제로\10773_제로.vcxproj", "{7ED3027C-197F-40D8-8B3D-DEC34D63BC32}"
EndProject
Project("{8BC9CEB8-8B4A-11D0-8D11-00A0C91BC942}") = "2739_구구단", "..\2739_구구단\2739_구구단.vcxproj", "{35BF7240-0CA0-4FA5-9122-E350BE43ECE7}"
EndProject
Project("{8BC9CEB8-8B4A-11D0-8D11-00A0C91BC942}") = "9012_괄호", "..\9012_괄호\9012_괄호.vcxproj", "{0AEA2215-D6F4-4427-AC98-13269E344FCC}"
EndProject
Project("{8BC9CEB8-8B4A-11D0-8D11-00A0C91BC942}") = "10950_A+B - 3", "..\10950_A+B - 3\10950_A+B - 3.vcxproj", "{7E888F89-4AC9-41A7-9889-43420A34A7CC}"
EndProject
Project("{8BC9CEB8-8B4A-11D0-8D11-00A0C91BC942}") = "8393_합", "..\8393_합\8393_합.vcxproj", "{A8C96884-FE35-460E-A65C-68867E244780}"
EndProject
Project("{8BC9CEB8-8B4A-11D0-8D11-00A0C91BC942}") = "15552_빠른 A+B", "..\15552_빠른 A+B\15552_빠른 A+B.vcxproj", "{65B40997-ED76-46B8-89A8-445D622D2F38}"
EndProject
Project("{8BC9CEB8-8B4A-11D0-8D11-00A0C91BC942}") = "2741_N 찍기", "..\2741_N 찍기\2741_N 찍기.vcxproj", "{8C8E961B-3E57-4008-AAF5-E4650BA1E184}"
EndProject
Project("{8BC9CEB8-8B4A-11D0-8D11-00A0C91BC942}") = "2742_기찍 N", "..\2742_기찍 N\2742_기찍 N.vcxproj", "{292E6D51-BD8C-44F5-A659-47449D9B085D}"
EndProject
Project("{8BC9CEB8-8B4A-11D0-8D11-00A0C91BC942}") = "11021_A+B - 7", "..\11021_A+B - 7\11021_A+B - 7.vcxproj", "{9560CFC1-98D9-4649-8C4A-C27A1F346601}"
EndProject
Project("{8BC9CEB8-8B4A-11D0-8D11-00A0C91BC942}") = "11022_A+B - 8", "..\11022_A+B - 8\11022_A+B - 8.vcxproj", "{49014529-A9CA-4DF1-A46F-65D9978510C7}"
EndProject
Project("{8BC9CEB8-8B4A-11D0-8D11-00A0C91BC942}") = "2438_별 찍기 - 1", "..\2438_별 찍기 - 1\2438_별 찍기 - 1.vcxproj", "{80B8A234-C7EC-417A-9062-A5829DFD8728}"
EndProject
Project("{8BC9CEB8-8B4A-11D0-8D11-00A0C91BC942}") = "2439_별 찍기 - 2", "..\2439_별 찍기 - 2\2439_별 찍기 - 2.vcxproj", "{2132D14A-8278-4DCE-974C-44CBF23D1DD3}"
EndProject
Project("{8BC9CEB8-8B4A-11D0-8D11-00A0C91BC942}") = "10871_X보다 작은 수", "..\10871_X보다 작은 수\10871_X보다 작은 수.vcxproj", "{01731CB8-DDD6-43A2-A063-142351766E88}"
EndProject
Project("{8BC9CEB8-8B4A-11D0-8D11-00A0C91BC942}") = "10952_A+B - 5", "..\10952_A+B - 5\10952_A+B - 5.vcxproj", "{FF560300-2102-459D-9220-3ADB18659027}"
EndProject
Project("{8BC9CEB8-8B4A-11D0-8D11-00A0C91BC942}") = "10951_A+B - 4", "..\10951_A+B - 4\10951_A+B - 4.vcxproj", "{90BA1A4A-049C-4681-A065-DAF46AEDA41A}"
EndProject
Project("{8BC9CEB8-8B4A-11D0-8D11-00A0C91BC942}") = "1110_더하기 사이클", "..\1110_더하기 사이클\1110_더하기 사이클.vcxproj", "{9BB7CD92-2DBB-43B8-8B61-C856ED38C8AA}"
EndProject
Project("{8BC9CEB8-8B4A-11D0-8D11-00A0C91BC942}") = "10818_최소, 최대", "..\10818_최소, 최대\10818_최소, 최대.vcxproj", "{C0BC93B6-32B8-46B9-BD2B-28F6007D19F0}"
EndProject
Project("{8BC9CEB8-8B4A-11D0-8D11-00A0C91BC942}") = "2562_최댓값", "..\2562_최댓값\2562_최댓값.vcxproj", "{06C52243-B287-4DB8-8529-1EDFA3EF00A6}"
EndProject
Project("{8BC9CEB8-8B4A-11D0-8D11-00A0C91BC942}") = "2577_숫자의 개수", "..\2577_숫자의 개수\2577_숫자의 개수.vcxproj", "{08FC9252-29B1-477F-9EF4-25C5851C2B42}"
EndProject
Project("{8BC9CEB8-8B4A-11D0-8D11-00A0C91BC942}") = "3052_나머지", "..\3052_나머지\3052_나머지.vcxproj", "{E2119F98-A4BA-4505-A954-F94313001BE2}"
EndProject
Project("{8BC9CEB8-8B4A-11D0-8D11-00A0C91BC942}") = "4949_균현잡힌 세상", "..\4949_균현잡힌 세상\4949_균현잡힌 세상.vcxproj", "{54DE8B2F-D03F-4E9C-B0E8-0C013193A993}"
EndProject
Project("{8BC9CEB8-8B4A-11D0-8D11-00A0C91BC942}") = "1546_평균", "..\1546_평균\1546_평균.vcxproj", "{6C20341F-6383-41EC-8FDE-7B7B916FF209}"
EndProject
Project("{8BC9CEB8-8B4A-11D0-8D11-00A0C91BC942}") = "8958_OX퀴즈", "..\8958_OX퀴즈\8958_OX퀴즈.vcxproj", "{889449C3-B5CF-403D-B360-29DFD442E558}"
EndProject
Project("{8BC9CEB8-8B4A-11D0-8D11-00A0C91BC942}") = "4344_평균은 넘겠지", "..\4344_평균은 넘겠지\4344_평균은 넘겠지.vcxproj", "{45605C57-9FB4-4617-B0E1-C01840DC202E}"
EndProject
Global
	GlobalSection(SolutionConfigurationPlatforms) = preSolution
		Debug|x64 = Debug|x64
		Debug|x86 = Debug|x86
		Release|x64 = Release|x64
		Release|x86 = Release|x86
	EndGlobalSection
	GlobalSection(ProjectConfigurationPlatforms) = postSolution
		{0AEF4633-5641-4994-8656-96518A65F256}.Debug|x64.ActiveCfg = Debug|x64
		{0AEF4633-5641-4994-8656-96518A65F256}.Debug|x64.Build.0 = Debug|x64
		{0AEF4633-5641-4994-8656-96518A65F256}.Debug|x86.ActiveCfg = Debug|Win32
		{0AEF4633-5641-4994-8656-96518A65F256}.Debug|x86.Build.0 = Debug|Win32
		{0AEF4633-5641-4994-8656-96518A65F256}.Release|x64.ActiveCfg = Release|x64
		{0AEF4633-5641-4994-8656-96518A65F256}.Release|x64.Build.0 = Release|x64
		{0AEF4633-5641-4994-8656-96518A65F256}.Release|x86.ActiveCfg = Release|Win32
		{0AEF4633-5641-4994-8656-96518A65F256}.Release|x86.Build.0 = Release|Win32
		{101231D5-B989-4A4B-88DA-754546EB4468}.Debug|x64.ActiveCfg = Debug|x64
		{101231D5-B989-4A4B-88DA-754546EB4468}.Debug|x64.Build.0 = Debug|x64
		{101231D5-B989-4A4B-88DA-754546EB4468}.Debug|x86.ActiveCfg = Debug|Win32
		{101231D5-B989-4A4B-88DA-754546EB4468}.Debug|x86.Build.0 = Debug|Win32
		{101231D5-B989-4A4B-88DA-754546EB4468}.Release|x64.ActiveCfg = Release|x64
		{101231D5-B989-4A4B-88DA-754546EB4468}.Release|x64.Build.0 = Release|x64
		{101231D5-B989-4A4B-88DA-754546EB4468}.Release|x86.ActiveCfg = Release|Win32
		{101231D5-B989-4A4B-88DA-754546EB4468}.Release|x86.Build.0 = Release|Win32
		{8969BC22-B54C-435D-91A2-56CE09919A1A}.Debug|x64.ActiveCfg = Debug|x64
		{8969BC22-B54C-435D-91A2-56CE09919A1A}.Debug|x64.Build.0 = Debug|x64
		{8969BC22-B54C-435D-91A2-56CE09919A1A}.Debug|x86.ActiveCfg = Debug|Win32
		{8969BC22-B54C-435D-91A2-56CE09919A1A}.Debug|x86.Build.0 = Debug|Win32
		{8969BC22-B54C-435D-91A2-56CE09919A1A}.Release|x64.ActiveCfg = Release|x64
		{8969BC22-B54C-435D-91A2-56CE09919A1A}.Release|x64.Build.0 = Release|x64
		{8969BC22-B54C-435D-91A2-56CE09919A1A}.Release|x86.ActiveCfg = Release|Win32
		{8969BC22-B54C-435D-91A2-56CE09919A1A}.Release|x86.Build.0 = Release|Win32
		{E751A4D8-C6C6-45A1-B0C2-824452C40EA6}.Debug|x64.ActiveCfg = Debug|x64
		{E751A4D8-C6C6-45A1-B0C2-824452C40EA6}.Debug|x64.Build.0 = Debug|x64
		{E751A4D8-C6C6-45A1-B0C2-824452C40EA6}.Debug|x86.ActiveCfg = Debug|Win32
		{E751A4D8-C6C6-45A1-B0C2-824452C40EA6}.Debug|x86.Build.0 = Debug|Win32
		{E751A4D8-C6C6-45A1-B0C2-824452C40EA6}.Release|x64.ActiveCfg = Release|x64
		{E751A4D8-C6C6-45A1-B0C2-824452C40EA6}.Release|x64.Build.0 = Release|x64
		{E751A4D8-C6C6-45A1-B0C2-824452C40EA6}.Release|x86.ActiveCfg = Release|Win32
		{E751A4D8-C6C6-45A1-B0C2-824452C40EA6}.Release|x86.Build.0 = Release|Win32
		{000787AE-B166-4125-84CF-A5692DD207CD}.Debug|x64.ActiveCfg = Debug|x64
		{000787AE-B166-4125-84CF-A5692DD207CD}.Debug|x64.Build.0 = Debug|x64
		{000787AE-B166-4125-84CF-A5692DD207CD}.Debug|x86.ActiveCfg = Debug|Win32
		{000787AE-B166-4125-84CF-A5692DD207CD}.Debug|x86.Build.0 = Debug|Win32
		{000787AE-B166-4125-84CF-A5692DD207CD}.Release|x64.ActiveCfg = Release|x64
		{000787AE-B166-4125-84CF-A5692DD207CD}.Release|x64.Build.0 = Release|x64
		{000787AE-B166-4125-84CF-A5692DD207CD}.Release|x86.ActiveCfg = Release|Win32
		{000787AE-B166-4125-84CF-A5692DD207CD}.Release|x86.Build.0 = Release|Win32
		{328BED3A-7585-4158-9AD1-443E65D8E1C7}.Debug|x64.ActiveCfg = Debug|x64
		{328BED3A-7585-4158-9AD1-443E65D8E1C7}.Debug|x64.Build.0 = Debug|x64
		{328BED3A-7585-4158-9AD1-443E65D8E1C7}.Debug|x86.ActiveCfg = Debug|Win32
		{328BED3A-7585-4158-9AD1-443E65D8E1C7}.Debug|x86.Build.0 = Debug|Win32
		{328BED3A-7585-4158-9AD1-443E65D8E1C7}.Release|x64.ActiveCfg = Release|x64
		{328BED3A-7585-4158-9AD1-443E65D8E1C7}.Release|x64.Build.0 = Release|x64
		{328BED3A-7585-4158-9AD1-443E65D8E1C7}.Release|x86.ActiveCfg = Release|Win32
		{328BED3A-7585-4158-9AD1-443E65D8E1C7}.Release|x86.Build.0 = Release|Win32
		{13AB52F0-0B53-485B-8EB9-231A567E0C06}.Debug|x64.ActiveCfg = Debug|x64
		{13AB52F0-0B53-485B-8EB9-231A567E0C06}.Debug|x64.Build.0 = Debug|x64
		{13AB52F0-0B53-485B-8EB9-231A567E0C06}.Debug|x86.ActiveCfg = Debug|Win32
		{13AB52F0-0B53-485B-8EB9-231A567E0C06}.Debug|x86.Build.0 = Debug|Win32
		{13AB52F0-0B53-485B-8EB9-231A567E0C06}.Release|x64.ActiveCfg = Release|x64
		{13AB52F0-0B53-485B-8EB9-231A567E0C06}.Release|x64.Build.0 = Release|x64
		{13AB52F0-0B53-485B-8EB9-231A567E0C06}.Release|x86.ActiveCfg = Release|Win32
		{13AB52F0-0B53-485B-8EB9-231A567E0C06}.Release|x86.Build.0 = Release|Win32
		{0A6A0AB2-ABA1-42FB-B0A8-1595A034065F}.Debug|x64.ActiveCfg = Debug|x64
		{0A6A0AB2-ABA1-42FB-B0A8-1595A034065F}.Debug|x64.Build.0 = Debug|x64
		{0A6A0AB2-ABA1-42FB-B0A8-1595A034065F}.Debug|x86.ActiveCfg = Debug|Win32
		{0A6A0AB2-ABA1-42FB-B0A8-1595A034065F}.Debug|x86.Build.0 = Debug|Win32
		{0A6A0AB2-ABA1-42FB-B0A8-1595A034065F}.Release|x64.ActiveCfg = Release|x64
		{0A6A0AB2-ABA1-42FB-B0A8-1595A034065F}.Release|x64.Build.0 = Release|x64
		{0A6A0AB2-ABA1-42FB-B0A8-1595A034065F}.Release|x86.ActiveCfg = Release|Win32
		{0A6A0AB2-ABA1-42FB-B0A8-1595A034065F}.Release|x86.Build.0 = Release|Win32
		{68D727B1-2FAE-4DF9-A474-9015B3B6586D}.Debug|x64.ActiveCfg = Debug|x64
		{68D727B1-2FAE-4DF9-A474-9015B3B6586D}.Debug|x64.Build.0 = Debug|x64
		{68D727B1-2FAE-4DF9-A474-9015B3B6586D}.Debug|x86.ActiveCfg = Debug|Win32
		{68D727B1-2FAE-4DF9-A474-9015B3B6586D}.Debug|x86.Build.0 = Debug|Win32
		{68D727B1-2FAE-4DF9-A474-9015B3B6586D}.Release|x64.ActiveCfg = Release|x64
		{68D727B1-2FAE-4DF9-A474-9015B3B6586D}.Release|x64.Build.0 = Release|x64
		{68D727B1-2FAE-4DF9-A474-9015B3B6586D}.Release|x86.ActiveCfg = Release|Win32
		{68D727B1-2FAE-4DF9-A474-9015B3B6586D}.Release|x86.Build.0 = Release|Win32
		{7ED3027C-197F-40D8-8B3D-DEC34D63BC32}.Debug|x64.ActiveCfg = Debug|x64
		{7ED3027C-197F-40D8-8B3D-DEC34D63BC32}.Debug|x64.Build.0 = Debug|x64
		{7ED3027C-197F-40D8-8B3D-DEC34D63BC32}.Debug|x86.ActiveCfg = Debug|Win32
		{7ED3027C-197F-40D8-8B3D-DEC34D63BC32}.Debug|x86.Build.0 = Debug|Win32
		{7ED3027C-197F-40D8-8B3D-DEC34D63BC32}.Release|x64.ActiveCfg = Release|x64
		{7ED3027C-197F-40D8-8B3D-DEC34D63BC32}.Release|x64.Build.0 = Release|x64
		{7ED3027C-197F-40D8-8B3D-DEC34D63BC32}.Release|x86.ActiveCfg = Release|Win32
		{7ED3027C-197F-40D8-8B3D-DEC34D63BC32}.Release|x86.Build.0 = Release|Win32
		{35BF7240-0CA0-4FA5-9122-E350BE43ECE7}.Debug|x64.ActiveCfg = Debug|x64
		{35BF7240-0CA0-4FA5-9122-E350BE43ECE7}.Debug|x64.Build.0 = Debug|x64
		{35BF7240-0CA0-4FA5-9122-E350BE43ECE7}.Debug|x86.ActiveCfg = Debug|Win32
		{35BF7240-0CA0-4FA5-9122-E350BE43ECE7}.Debug|x86.Build.0 = Debug|Win32
		{35BF7240-0CA0-4FA5-9122-E350BE43ECE7}.Release|x64.ActiveCfg = Release|x64
		{35BF7240-0CA0-4FA5-9122-E350BE43ECE7}.Release|x64.Build.0 = Release|x64
		{35BF7240-0CA0-4FA5-9122-E350BE43ECE7}.Release|x86.ActiveCfg = Release|Win32
		{35BF7240-0CA0-4FA5-9122-E350BE43ECE7}.Release|x86.Build.0 = Release|Win32
		{0AEA2215-D6F4-4427-AC98-13269E344FCC}.Debug|x64.ActiveCfg = Debug|x64
		{0AEA2215-D6F4-4427-AC98-13269E344FCC}.Debug|x64.Build.0 = Debug|x64
		{0AEA2215-D6F4-4427-AC98-13269E344FCC}.Debug|x86.ActiveCfg = Debug|Win32
		{0AEA2215-D6F4-4427-AC98-13269E344FCC}.Debug|x86.Build.0 = Debug|Win32
		{0AEA2215-D6F4-4427-AC98-13269E344FCC}.Release|x64.ActiveCfg = Release|x64
		{0AEA2215-D6F4-4427-AC98-13269E344FCC}.Release|x64.Build.0 = Release|x64
		{0AEA2215-D6F4-4427-AC98-13269E344FCC}.Release|x86.ActiveCfg = Release|Win32
		{0AEA2215-D6F4-4427-AC98-13269E344FCC}.Release|x86.Build.0 = Release|Win32
		{7E888F89-4AC9-41A7-9889-43420A34A7CC}.Debug|x64.ActiveCfg = Debug|x64
		{7E888F89-4AC9-41A7-9889-43420A34A7CC}.Debug|x64.Build.0 = Debug|x64
		{7E888F89-4AC9-41A7-9889-43420A34A7CC}.Debug|x86.ActiveCfg = Debug|Win32
		{7E888F89-4AC9-41A7-9889-43420A34A7CC}.Debug|x86.Build.0 = Debug|Win32
		{7E888F89-4AC9-41A7-9889-43420A34A7CC}.Release|x64.ActiveCfg = Release|x64
		{7E888F89-4AC9-41A7-9889-43420A34A7CC}.Release|x64.Build.0 = Release|x64
		{7E888F89-4AC9-41A7-9889-43420A34A7CC}.Release|x86.ActiveCfg = Release|Win32
		{7E888F89-4AC9-41A7-9889-43420A34A7CC}.Release|x86.Build.0 = Release|Win32
		{A8C96884-FE35-460E-A65C-68867E244780}.Debug|x64.ActiveCfg = Debug|x64
		{A8C96884-FE35-460E-A65C-68867E244780}.Debug|x64.Build.0 = Debug|x64
		{A8C96884-FE35-460E-A65C-68867E244780}.Debug|x86.ActiveCfg = Debug|Win32
		{A8C96884-FE35-460E-A65C-68867E244780}.Debug|x86.Build.0 = Debug|Win32
		{A8C96884-FE35-460E-A65C-68867E244780}.Release|x64.ActiveCfg = Release|x64
		{A8C96884-FE35-460E-A65C-68867E244780}.Release|x64.Build.0 = Release|x64
		{A8C96884-FE35-460E-A65C-68867E244780}.Release|x86.ActiveCfg = Release|Win32
		{A8C96884-FE35-460E-A65C-68867E244780}.Release|x86.Build.0 = Release|Win32
		{65B40997-ED76-46B8-89A8-445D622D2F38}.Debug|x64.ActiveCfg = Debug|x64
		{65B40997-ED76-46B8-89A8-445D622D2F38}.Debug|x64.Build.0 = Debug|x64
		{65B40997-ED76-46B8-89A8-445D622D2F38}.Debug|x86.ActiveCfg = Debug|Win32
		{65B40997-ED76-46B8-89A8-445D622D2F38}.Debug|x86.Build.0 = Debug|Win32
		{65B40997-ED76-46B8-89A8-445D622D2F38}.Release|x64.ActiveCfg = Release|x64
		{65B40997-ED76-46B8-89A8-445D622D2F38}.Release|x64.Build.0 = Release|x64
		{65B40997-ED76-46B8-89A8-445D622D2F38}.Release|x86.ActiveCfg = Release|Win32
		{65B40997-ED76-46B8-89A8-445D622D2F38}.Release|x86.Build.0 = Release|Win32
		{8C8E961B-3E57-4008-AAF5-E4650BA1E184}.Debug|x64.ActiveCfg = Debug|x64
		{8C8E961B-3E57-4008-AAF5-E4650BA1E184}.Debug|x64.Build.0 = Debug|x64
		{8C8E961B-3E57-4008-AAF5-E4650BA1E184}.Debug|x86.ActiveCfg = Debug|Win32
		{8C8E961B-3E57-4008-AAF5-E4650BA1E184}.Debug|x86.Build.0 = Debug|Win32
		{8C8E961B-3E57-4008-AAF5-E4650BA1E184}.Release|x64.ActiveCfg = Release|x64
		{8C8E961B-3E57-4008-AAF5-E4650BA1E184}.Release|x64.Build.0 = Release|x64
		{8C8E961B-3E57-4008-AAF5-E4650BA1E184}.Release|x86.ActiveCfg = Release|Win32
		{8C8E961B-3E57-4008-AAF5-E4650BA1E184}.Release|x86.Build.0 = Release|Win32
		{292E6D51-BD8C-44F5-A659-47449D9B085D}.Debug|x64.ActiveCfg = Debug|x64
		{292E6D51-BD8C-44F5-A659-47449D9B085D}.Debug|x64.Build.0 = Debug|x64
		{292E6D51-BD8C-44F5-A659-47449D9B085D}.Debug|x86.ActiveCfg = Debug|Win32
		{292E6D51-BD8C-44F5-A659-47449D9B085D}.Debug|x86.Build.0 = Debug|Win32
		{292E6D51-BD8C-44F5-A659-47449D9B085D}.Release|x64.ActiveCfg = Release|x64
		{292E6D51-BD8C-44F5-A659-47449D9B085D}.Release|x64.Build.0 = Release|x64
		{292E6D51-BD8C-44F5-A659-47449D9B085D}.Release|x86.ActiveCfg = Release|Win32
		{292E6D51-BD8C-44F5-A659-47449D9B085D}.Release|x86.Build.0 = Release|Win32
		{9560CFC1-98D9-4649-8C4A-C27A1F346601}.Debug|x64.ActiveCfg = Debug|x64
		{9560CFC1-98D9-4649-8C4A-C27A1F346601}.Debug|x64.Build.0 = Debug|x64
		{9560CFC1-98D9-4649-8C4A-C27A1F346601}.Debug|x86.ActiveCfg = Debug|Win32
		{9560CFC1-98D9-4649-8C4A-C27A1F346601}.Debug|x86.Build.0 = Debug|Win32
		{9560CFC1-98D9-4649-8C4A-C27A1F346601}.Release|x64.ActiveCfg = Release|x64
		{9560CFC1-98D9-4649-8C4A-C27A1F346601}.Release|x64.Build.0 = Release|x64
		{9560CFC1-98D9-4649-8C4A-C27A1F346601}.Release|x86.ActiveCfg = Release|Win32
		{9560CFC1-98D9-4649-8C4A-C27A1F346601}.Release|x86.Build.0 = Release|Win32
		{49014529-A9CA-4DF1-A46F-65D9978510C7}.Debug|x64.ActiveCfg = Debug|x64
		{49014529-A9CA-4DF1-A46F-65D9978510C7}.Debug|x64.Build.0 = Debug|x64
		{49014529-A9CA-4DF1-A46F-65D9978510C7}.Debug|x86.ActiveCfg = Debug|Win32
		{49014529-A9CA-4DF1-A46F-65D9978510C7}.Debug|x86.Build.0 = Debug|Win32
		{49014529-A9CA-4DF1-A46F-65D9978510C7}.Release|x64.ActiveCfg = Release|x64
		{49014529-A9CA-4DF1-A46F-65D9978510C7}.Release|x64.Build.0 = Release|x64
		{49014529-A9CA-4DF1-A46F-65D9978510C7}.Release|x86.ActiveCfg = Release|Win32
		{49014529-A9CA-4DF1-A46F-65D9978510C7}.Release|x86.Build.0 = Release|Win32
		{80B8A234-C7EC-417A-9062-A5829DFD8728}.Debug|x64.ActiveCfg = Debug|x64
		{80B8A234-C7EC-417A-9062-A5829DFD8728}.Debug|x64.Build.0 = Debug|x64
		{80B8A234-C7EC-417A-9062-A5829DFD8728}.Debug|x86.ActiveCfg = Debug|Win32
		{80B8A234-C7EC-417A-9062-A5829DFD8728}.Debug|x86.Build.0 = Debug|Win32
		{80B8A234-C7EC-417A-9062-A5829DFD8728}.Release|x64.ActiveCfg = Release|x64
		{80B8A234-C7EC-417A-9062-A5829DFD8728}.Release|x64.Build.0 = Release|x64
		{80B8A234-C7EC-417A-9062-A5829DFD8728}.Release|x86.ActiveCfg = Release|Win32
		{80B8A234-C7EC-417A-9062-A5829DFD8728}.Release|x86.Build.0 = Release|Win32
		{2132D14A-8278-4DCE-974C-44CBF23D1DD3}.Debug|x64.ActiveCfg = Debug|x64
		{2132D14A-8278-4DCE-974C-44CBF23D1DD3}.Debug|x64.Build.0 = Debug|x64
		{2132D14A-8278-4DCE-974C-44CBF23D1DD3}.Debug|x86.ActiveCfg = Debug|Win32
		{2132D14A-8278-4DCE-974C-44CBF23D1DD3}.Debug|x86.Build.0 = Debug|Win32
		{2132D14A-8278-4DCE-974C-44CBF23D1DD3}.Release|x64.ActiveCfg = Release|x64
		{2132D14A-8278-4DCE-974C-44CBF23D1DD3}.Release|x64.Build.0 = Release|x64
		{2132D14A-8278-4DCE-974C-44CBF23D1DD3}.Release|x86.ActiveCfg = Release|Win32
		{2132D14A-8278-4DCE-974C-44CBF23D1DD3}.Release|x86.Build.0 = Release|Win32
		{01731CB8-DDD6-43A2-A063-142351766E88}.Debug|x64.ActiveCfg = Debug|x64
		{01731CB8-DDD6-43A2-A063-142351766E88}.Debug|x64.Build.0 = Debug|x64
		{01731CB8-DDD6-43A2-A063-142351766E88}.Debug|x86.ActiveCfg = Debug|Win32
		{01731CB8-DDD6-43A2-A063-142351766E88}.Debug|x86.Build.0 = Debug|Win32
		{01731CB8-DDD6-43A2-A063-142351766E88}.Release|x64.ActiveCfg = Release|x64
		{01731CB8-DDD6-43A2-A063-142351766E88}.Release|x64.Build.0 = Release|x64
		{01731CB8-DDD6-43A2-A063-142351766E88}.Release|x86.ActiveCfg = Release|Win32
		{01731CB8-DDD6-43A2-A063-142351766E88}.Release|x86.Build.0 = Release|Win32
		{FF560300-2102-459D-9220-3ADB18659027}.Debug|x64.ActiveCfg = Debug|x64
		{FF560300-2102-459D-9220-3ADB18659027}.Debug|x64.Build.0 = Debug|x64
		{FF560300-2102-459D-9220-3ADB18659027}.Debug|x86.ActiveCfg = Debug|Win32
		{FF560300-2102-459D-9220-3ADB18659027}.Debug|x86.Build.0 = Debug|Win32
		{FF560300-2102-459D-9220-3ADB18659027}.Release|x64.ActiveCfg = Release|x64
		{FF560300-2102-459D-9220-3ADB18659027}.Release|x64.Build.0 = Release|x64
		{FF560300-2102-459D-9220-3ADB18659027}.Release|x86.ActiveCfg = Release|Win32
		{FF560300-2102-459D-9220-3ADB18659027}.Release|x86.Build.0 = Release|Win32
		{90BA1A4A-049C-4681-A065-DAF46AEDA41A}.Debug|x64.ActiveCfg = Debug|x64
		{90BA1A4A-049C-4681-A065-DAF46AEDA41A}.Debug|x64.Build.0 = Debug|x64
		{90BA1A4A-049C-4681-A065-DAF46AEDA41A}.Debug|x86.ActiveCfg = Debug|Win32
		{90BA1A4A-049C-4681-A065-DAF46AEDA41A}.Debug|x86.Build.0 = Debug|Win32
		{90BA1A4A-049C-4681-A065-DAF46AEDA41A}.Release|x64.ActiveCfg = Release|x64
		{90BA1A4A-049C-4681-A065-DAF46AEDA41A}.Release|x64.Build.0 = Release|x64
		{90BA1A4A-049C-4681-A065-DAF46AEDA41A}.Release|x86.ActiveCfg = Release|Win32
		{90BA1A4A-049C-4681-A065-DAF46AEDA41A}.Release|x86.Build.0 = Release|Win32
		{9BB7CD92-2DBB-43B8-8B61-C856ED38C8AA}.Debug|x64.ActiveCfg = Debug|x64
		{9BB7CD92-2DBB-43B8-8B61-C856ED38C8AA}.Debug|x64.Build.0 = Debug|x64
		{9BB7CD92-2DBB-43B8-8B61-C856ED38C8AA}.Debug|x86.ActiveCfg = Debug|Win32
		{9BB7CD92-2DBB-43B8-8B61-C856ED38C8AA}.Debug|x86.Build.0 = Debug|Win32
		{9BB7CD92-2DBB-43B8-8B61-C856ED38C8AA}.Release|x64.ActiveCfg = Release|x64
		{9BB7CD92-2DBB-43B8-8B61-C856ED38C8AA}.Release|x64.Build.0 = Release|x64
		{9BB7CD92-2DBB-43B8-8B61-C856ED38C8AA}.Release|x86.ActiveCfg = Release|Win32
		{9BB7CD92-2DBB-43B8-8B61-C856ED38C8AA}.Release|x86.Build.0 = Release|Win32
		{C0BC93B6-32B8-46B9-BD2B-28F6007D19F0}.Debug|x64.ActiveCfg = Debug|x64
		{C0BC93B6-32B8-46B9-BD2B-28F6007D19F0}.Debug|x64.Build.0 = Debug|x64
		{C0BC93B6-32B8-46B9-BD2B-28F6007D19F0}.Debug|x86.ActiveCfg = Debug|Win32
		{C0BC93B6-32B8-46B9-BD2B-28F6007D19F0}.Debug|x86.Build.0 = Debug|Win32
		{C0BC93B6-32B8-46B9-BD2B-28F6007D19F0}.Release|x64.ActiveCfg = Release|x64
		{C0BC93B6-32B8-46B9-BD2B-28F6007D19F0}.Release|x64.Build.0 = Release|x64
		{C0BC93B6-32B8-46B9-BD2B-28F6007D19F0}.Release|x86.ActiveCfg = Release|Win32
		{C0BC93B6-32B8-46B9-BD2B-28F6007D19F0}.Release|x86.Build.0 = Release|Win32
		{06C52243-B287-4DB8-8529-1EDFA3EF00A6}.Debug|x64.ActiveCfg = Debug|x64
		{06C52243-B287-4DB8-8529-1EDFA3EF00A6}.Debug|x64.Build.0 = Debug|x64
		{06C52243-B287-4DB8-8529-1EDFA3EF00A6}.Debug|x86.ActiveCfg = Debug|Win32
		{06C52243-B287-4DB8-8529-1EDFA3EF00A6}.Debug|x86.Build.0 = Debug|Win32
		{06C52243-B287-4DB8-8529-1EDFA3EF00A6}.Release|x64.ActiveCfg = Release|x64
		{06C52243-B287-4DB8-8529-1EDFA3EF00A6}.Release|x64.Build.0 = Release|x64
		{06C52243-B287-4DB8-8529-1EDFA3EF00A6}.Release|x86.ActiveCfg = Release|Win32
		{06C52243-B287-4DB8-8529-1EDFA3EF00A6}.Release|x86.Build.0 = Release|Win32
		{08FC9252-29B1-477F-9EF4-25C5851C2B42}.Debug|x64.ActiveCfg = Debug|x64
		{08FC9252-29B1-477F-9EF4-25C5851C2B42}.Debug|x64.Build.0 = Debug|x64
		{08FC9252-29B1-477F-9EF4-25C5851C2B42}.Debug|x86.ActiveCfg = Debug|Win32
		{08FC9252-29B1-477F-9EF4-25C5851C2B42}.Debug|x86.Build.0 = Debug|Win32
		{08FC9252-29B1-477F-9EF4-25C5851C2B42}.Release|x64.ActiveCfg = Release|x64
		{08FC9252-29B1-477F-9EF4-25C5851C2B42}.Release|x64.Build.0 = Release|x64
		{08FC9252-29B1-477F-9EF4-25C5851C2B42}.Release|x86.ActiveCfg = Release|Win32
		{08FC9252-29B1-477F-9EF4-25C5851C2B42}.Release|x86.Build.0 = Release|Win32
		{E2119F98-A4BA-4505-A954-F94313001BE2}.Debug|x64.ActiveCfg = Debug|x64
		{E2119F98-A4BA-4505-A954-F94313001BE2}.Debug|x64.Build.0 = Debug|x64
		{E2119F98-A4BA-4505-A954-F94313001BE2}.Debug|x86.ActiveCfg = Debug|Win32
		{E2119F98-A4BA-4505-A954-F94313001BE2}.Debug|x86.Build.0 = Debug|Win32
		{E2119F98-A4BA-4505-A954-F94313001BE2}.Release|x64.ActiveCfg = Release|x64
		{E2119F98-A4BA-4505-A954-F94313001BE2}.Release|x64.Build.0 = Release|x64
		{E2119F98-A4BA-4505-A954-F94313001BE2}.Release|x86.ActiveCfg = Release|Win32
		{E2119F98-A4BA-4505-A954-F94313001BE2}.Release|x86.Build.0 = Release|Win32
		{54DE8B2F-D03F-4E9C-B0E8-0C013193A993}.Debug|x64.ActiveCfg = Debug|x64
		{54DE8B2F-D03F-4E9C-B0E8-0C013193A993}.Debug|x64.Build.0 = Debug|x64
		{54DE8B2F-D03F-4E9C-B0E8-0C013193A993}.Debug|x86.ActiveCfg = Debug|Win32
		{54DE8B2F-D03F-4E9C-B0E8-0C013193A993}.Debug|x86.Build.0 = Debug|Win32
		{54DE8B2F-D03F-4E9C-B0E8-0C013193A993}.Release|x64.ActiveCfg = Release|x64
		{54DE8B2F-D03F-4E9C-B0E8-0C013193A993}.Release|x64.Build.0 = Release|x64
		{54DE8B2F-D03F-4E9C-B0E8-0C013193A993}.Release|x86.ActiveCfg = Release|Win32
		{54DE8B2F-D03F-4E9C-B0E8-0C013193A993}.Release|x86.Build.0 = Release|Win32
		{6C20341F-6383-41EC-8FDE-7B7B916FF209}.Debug|x64.ActiveCfg = Debug|x64
		{6C20341F-6383-41EC-8FDE-7B7B916FF209}.Debug|x64.Build.0 = Debug|x64
		{6C20341F-6383-41EC-8FDE-7B7B916FF209}.Debug|x86.ActiveCfg = Debug|Win32
		{6C20341F-6383-41EC-8FDE-7B7B916FF209}.Debug|x86.Build.0 = Debug|Win32
		{6C20341F-6383-41EC-8FDE-7B7B916FF209}.Release|x64.ActiveCfg = Release|x64
		{6C20341F-6383-41EC-8FDE-7B7B916FF209}.Release|x64.Build.0 = Release|x64
		{6C20341F-6383-41EC-8FDE-7B7B916FF209}.Release|x86.ActiveCfg = Release|Win32
		{6C20341F-6383-41EC-8FDE-7B7B916FF209}.Release|x86.Build.0 = Release|Win32
		{889449C3-B5CF-403D-B360-29DFD442E558}.Debug|x64.ActiveCfg = Debug|x64
		{889449C3-B5CF-403D-B360-29DFD442E558}.Debug|x64.Build.0 = Debug|x64
		{889449C3-B5CF-403D-B360-29DFD442E558}.Debug|x86.ActiveCfg = Debug|Win32
		{889449C3-B5CF-403D-B360-29DFD442E558}.Debug|x86.Build.0 = Debug|Win32
		{889449C3-B5CF-403D-B360-29DFD442E558}.Release|x64.ActiveCfg = Release|x64
		{889449C3-B5CF-403D-B360-29DFD442E558}.Release|x64.Build.0 = Release|x64
		{889449C3-B5CF-403D-B360-29DFD442E558}.Release|x86.ActiveCfg = Release|Win32
		{889449C3-B5CF-403D-B360-29DFD442E558}.Release|x86.Build.0 = Release|Win32
		{45605C57-9FB4-4617-B0E1-C01840DC202E}.Debug|x64.ActiveCfg = Debug|x64
		{45605C57-9FB4-4617-B0E1-C01840DC202E}.Debug|x64.Build.0 = Debug|x64
		{45605C57-9FB4-4617-B0E1-C01840DC202E}.Debug|x86.ActiveCfg = Debug|Win32
		{45605C57-9FB4-4617-B0E1-C01840DC202E}.Debug|x86.Build.0 = Debug|Win32
		{45605C57-9FB4-4617-B0E1-C01840DC202E}.Release|x64.ActiveCfg = Release|x64
		{45605C57-9FB4-4617-B0E1-C01840DC202E}.Release|x64.Build.0 = Release|x64
		{45605C57-9FB4-4617-B0E1-C01840DC202E}.Release|x86.ActiveCfg = Release|Win32
		{45605C57-9FB4-4617-B0E1-C01840DC202E}.Release|x86.Build.0 = Release|Win32
	EndGlobalSection
	GlobalSection(SolutionProperties) = preSolution
		HideSolutionNode = FALSE
	EndGlobalSection
	GlobalSection(ExtensibilityGlobals) = postSolution
		SolutionGuid = {22607A57-7EA9-4935-B567-CFDFBFC4A5E3}
	EndGlobalSection
EndGlobal
