
Microsoft Visual Studio Solution File, Format Version 12.00
# Visual Studio Version 16
VisualStudioVersion = 16.0.32126.315
MinimumVisualStudioVersion = 10.0.40219.1
Project("{8BC9CEB8-8B4A-11D0-8D11-00A0C91BC942}") = "BOJ_Solved", "BOJ_Solved.vcxproj", "{0AEF4633-5641-4994-8656-96518A65F256}"
EndProject
Project("{8BC9CEB8-8B4A-11D0-8D11-00A0C91BC942}") = "1330_두 수 비교하기", "..\1330_두 수 비교하기\1330_두 수 비교하기.vcxproj", "{101231D5-B989-4A4B-88DA-754546EB4468}"
EndProject
Project("{8BC9CEB8-8B4A-11D0-8D11-00A0C91BC942}") = "9498_시험 성적", "..\9498_시험 성적\9498_시험 성적.vcxproj", "{8969BC22-B54C-435D-91A2-56CE09919A1A}"
EndProject
Project("{8BC9CEB8-8B4A-11D0-8D11-00A0C91BC942}") = "2753_윤년", "..\2753_윤년\2753_윤년.vcxproj", "{E751A4D8-C6C6-45A1-B0C2-824452C40EA6}"
EndProject
Global
	GlobalSection(SolutionConfigurationPlatforms) = preSolution
		Debug|x64 = Debug|x64
		Debug|x86 = Debug|x86
		Release|x64 = Release|x64
		Release|x86 = Release|x86
	EndGlobalSection
	GlobalSection(ProjectConfigurationPlatforms) = postSolution
		{0AEF4633-5641-4994-8656-96518A65F256}.Debug|x64.ActiveCfg = Debug|x64
		{0AEF4633-5641-4994-8656-96518A65F256}.Debug|x64.Build.0 = Debug|x64
		{0AEF4633-5641-4994-8656-96518A65F256}.Debug|x86.ActiveCfg = Debug|Win32
		{0AEF4633-5641-4994-8656-96518A65F256}.Debug|x86.Build.0 = Debug|Win32
		{0AEF4633-5641-4994-8656-96518A65F256}.Release|x64.ActiveCfg = Release|x64
		{0AEF4633-5641-4994-8656-96518A65F256}.Release|x64.Build.0 = Release|x64
		{0AEF4633-5641-4994-8656-96518A65F256}.Release|x86.ActiveCfg = Release|Win32
		{0AEF4633-5641-4994-8656-96518A65F256}.Release|x86.Build.0 = Release|Win32
		{101231D5-B989-4A4B-88DA-754546EB4468}.Debug|x64.ActiveCfg = Debug|x64
		{101231D5-B989-4A4B-88DA-754546EB4468}.Debug|x64.Build.0 = Debug|x64
		{101231D5-B989-4A4B-88DA-754546EB4468}.Debug|x86.ActiveCfg = Debug|Win32
		{101231D5-B989-4A4B-88DA-754546EB4468}.Debug|x86.Build.0 = Debug|Win32
		{101231D5-B989-4A4B-88DA-754546EB4468}.Release|x64.ActiveCfg = Release|x64
		{101231D5-B989-4A4B-88DA-754546EB4468}.Release|x64.Build.0 = Release|x64
		{101231D5-B989-4A4B-88DA-754546EB4468}.Release|x86.ActiveCfg = Release|Win32
		{101231D5-B989-4A4B-88DA-754546EB4468}.Release|x86.Build.0 = Release|Win32
		{8969BC22-B54C-435D-91A2-56CE09919A1A}.Debug|x64.ActiveCfg = Debug|x64
		{8969BC22-B54C-435D-91A2-56CE09919A1A}.Debug|x64.Build.0 = Debug|x64
		{8969BC22-B54C-435D-91A2-56CE09919A1A}.Debug|x86.ActiveCfg = Debug|Win32
		{8969BC22-B54C-435D-91A2-56CE09919A1A}.Debug|x86.Build.0 = Debug|Win32
		{8969BC22-B54C-435D-91A2-56CE09919A1A}.Release|x64.ActiveCfg = Release|x64
		{8969BC22-B54C-435D-91A2-56CE09919A1A}.Release|x64.Build.0 = Release|x64
		{8969BC22-B54C-435D-91A2-56CE09919A1A}.Release|x86.ActiveCfg = Release|Win32
		{8969BC22-B54C-435D-91A2-56CE09919A1A}.Release|x86.Build.0 = Release|Win32
		{E751A4D8-C6C6-45A1-B0C2-824452C40EA6}.Debug|x64.ActiveCfg = Debug|x64
		{E751A4D8-C6C6-45A1-B0C2-824452C40EA6}.Debug|x64.Build.0 = Debug|x64
		{E751A4D8-C6C6-45A1-B0C2-824452C40EA6}.Debug|x86.ActiveCfg = Debug|Win32
		{E751A4D8-C6C6-45A1-B0C2-824452C40EA6}.Debug|x86.Build.0 = Debug|Win32
		{E751A4D8-C6C6-45A1-B0C2-824452C40EA6}.Release|x64.ActiveCfg = Release|x64
		{E751A4D8-C6C6-45A1-B0C2-824452C40EA6}.Release|x64.Build.0 = Release|x64
		{E751A4D8-C6C6-45A1-B0C2-824452C40EA6}.Release|x86.ActiveCfg = Release|Win32
		{E751A4D8-C6C6-45A1-B0C2-824452C40EA6}.Release|x86.Build.0 = Release|Win32
	EndGlobalSection
	GlobalSection(SolutionProperties) = preSolution
		HideSolutionNode = FALSE
	EndGlobalSection
	GlobalSection(ExtensibilityGlobals) = postSolution
		SolutionGuid = {22607A57-7EA9-4935-B567-CFDFBFC4A5E3}
	EndGlobalSection
EndGlobal
