
Microsoft Visual Studio Solution File, Format Version 12.00
# Visual Studio Version 16
VisualStudioVersion = 16.0.32126.315
MinimumVisualStudioVersion = 10.0.40219.1
Project("{8BC9CEB8-8B4A-11D0-8D11-00A0C91BC942}") = "BOJ_Solved", "BOJ_Solved.vcxproj", "{0AEF4633-5641-4994-8656-96518A65F256}"
EndProject
Project("{8BC9CEB8-8B4A-11D0-8D11-00A0C91BC942}") = "1330_두 수 비교하기", "..\1330_두 수 비교하기\1330_두 수 비교하기.vcxproj", "{101231D5-B989-4A4B-88DA-754546EB4468}"
EndProject
Project("{8BC9CEB8-8B4A-11D0-8D11-00A0C91BC942}") = "9498_시험 성적", "..\9498_시험 성적\9498_시험 성적.vcxproj", "{8969BC22-B54C-435D-91A2-56CE09919A1A}"
EndProject
Project("{8BC9CEB8-8B4A-11D0-8D11-00A0C91BC942}") = "2753_윤년", "..\2753_윤년\2753_윤년.vcxproj", "{E751A4D8-C6C6-45A1-B0C2-824452C40EA6}"
EndProject
Project("{8BC9CEB8-8B4A-11D0-8D11-00A0C91BC942}") = "14681_사분면 고르기", "..\14681_사분면 고르기\14681_사분면 고르기.vcxproj", "{000787AE-B166-4125-84CF-A5692DD207CD}"
EndProject
Project("{8BC9CEB8-8B4A-11D0-8D11-00A0C91BC942}") = "2884_알람 시계", "..\2884_알람 시계\2884_알람 시계.vcxproj", "{328BED3A-7585-4158-9AD1-443E65D8E1C7}"
EndProject
Project("{8BC9CEB8-8B4A-11D0-8D11-00A0C91BC942}") = "2525_오븐 시계", "..\2525_오븐 시계\2525_오븐 시계.vcxproj", "{13AB52F0-0B53-485B-8EB9-231A567E0C06}"
EndProject
Project("{8BC9CEB8-8B4A-11D0-8D11-00A0C91BC942}") = "2480_주사위 세개", "..\2480_주사위 세개\2480_주사위 세개.vcxproj", "{0A6A0AB2-ABA1-42FB-B0A8-1595A034065F}"
EndProject
Project("{8BC9CEB8-8B4A-11D0-8D11-00A0C91BC942}") = "10828_스택", "..\10828_스택\10828_스택.vcxproj", "{68D727B1-2FAE-4DF9-A474-9015B3B6586D}"
EndProject
Project("{8BC9CEB8-8B4A-11D0-8D11-00A0C91BC942}") = "10773_제로", "..\10773_제로\10773_제로.vcxproj", "{7ED3027C-197F-40D8-8B3D-DEC34D63BC32}"
EndProject
Project("{8BC9CEB8-8B4A-11D0-8D11-00A0C91BC942}") = "2739_구구단", "..\2739_구구단\2739_구구단.vcxproj", "{35BF7240-0CA0-4FA5-9122-E350BE43ECE7}"
EndProject
Project("{8BC9CEB8-8B4A-11D0-8D11-00A0C91BC942}") = "9012_괄호", "..\9012_괄호\9012_괄호.vcxproj", "{0AEA2215-D6F4-4427-AC98-13269E344FCC}"
EndProject
Project("{8BC9CEB8-8B4A-11D0-8D11-00A0C91BC942}") = "10950_A+B - 3", "..\10950_A+B - 3\10950_A+B - 3.vcxproj", "{7E888F89-4AC9-41A7-9889-43420A34A7CC}"
EndProject
Project("{8BC9CEB8-8B4A-11D0-8D11-00A0C91BC942}") = "8393_합", "..\8393_합\8393_합.vcxproj", "{A8C96884-FE35-460E-A65C-68867E244780}"
EndProject
Project("{8BC9CEB8-8B4A-11D0-8D11-00A0C91BC942}") = "15552_빠른 A+B", "..\15552_빠른 A+B\15552_빠른 A+B.vcxproj", "{65B40997-ED76-46B8-89A8-445D622D2F38}"
EndProject
Project("{8BC9CEB8-8B4A-11D0-8D11-00A0C91BC942}") = "2741_N 찍기", "..\2741_N 찍기\2741_N 찍기.vcxproj", "{8C8E961B-3E57-4008-AAF5-E4650BA1E184}"
EndProject
Project("{8BC9CEB8-8B4A-11D0-8D11-00A0C91BC942}") = "2742_기찍 N", "..\2742_기찍 N\2742_기찍 N.vcxproj", "{292E6D51-BD8C-44F5-A659-47449D9B085D}"
EndProject
Project("{8BC9CEB8-8B4A-11D0-8D11-00A0C91BC942}") = "11021_A+B - 7", "..\11021_A+B - 7\11021_A+B - 7.vcxproj", "{9560CFC1-98D9-4649-8C4A-C27A1F346601}"
EndProject
Project("{8BC9CEB8-8B4A-11D0-8D11-00A0C91BC942}") = "11022_A+B - 8", "..\11022_A+B - 8\11022_A+B - 8.vcxproj", "{49014529-A9CA-4DF1-A46F-65D9978510C7}"
EndProject
Project("{8BC9CEB8-8B4A-11D0-8D11-00A0C91BC942}") = "2438_별 찍기 - 1", "..\2438_별 찍기 - 1\2438_별 찍기 - 1.vcxproj", "{80B8A234-C7EC-417A-9062-A5829DFD8728}"
EndProject
Project("{8BC9CEB8-8B4A-11D0-8D11-00A0C91BC942}") = "2439_별 찍기 - 2", "..\2439_별 찍기 - 2\2439_별 찍기 - 2.vcxproj", "{2132D14A-8278-4DCE-974C-44CBF23D1DD3}"
EndProject
Project("{8BC9CEB8-8B4A-11D0-8D11-00A0C91BC942}") = "10871_X보다 작은 수", "..\10871_X보다 작은 수\10871_X보다 작은 수.vcxproj", "{01731CB8-DDD6-43A2-A063-142351766E88}"
EndProject
Project("{8BC9CEB8-8B4A-11D0-8D11-00A0C91BC942}") = "10952_A+B - 5", "..\10952_A+B - 5\10952_A+B - 5.vcxproj", "{FF560300-2102-459D-9220-3ADB18659027}"
EndProject
Project("{8BC9CEB8-8B4A-11D0-8D11-00A0C91BC942}") = "10951_A+B - 4", "..\10951_A+B - 4\10951_A+B - 4.vcxproj", "{90BA1A4A-049C-4681-A065-DAF46AEDA41A}"
EndProject
Project("{8BC9CEB8-8B4A-11D0-8D11-00A0C91BC942}") = "1110_더하기 사이클", "..\1110_더하기 사이클\1110_더하기 사이클.vcxproj", "{9BB7CD92-2DBB-43B8-8B61-C856ED38C8AA}"
EndProject
Project("{8BC9CEB8-8B4A-11D0-8D11-00A0C91BC942}") = "10818_최소, 최대", "..\10818_최소, 최대\10818_최소, 최대.vcxproj", "{C0BC93B6-32B8-46B9-BD2B-28F6007D19F0}"
EndProject
Project("{8BC9CEB8-8B4A-11D0-8D11-00A0C91BC942}") = "2562_최댓값", "..\2562_최댓값\2562_최댓값.vcxproj", "{06C52243-B287-4DB8-8529-1EDFA3EF00A6}"
EndProject
Project("{8BC9CEB8-8B4A-11D0-8D11-00A0C91BC942}") = "2577_숫자의 개수", "..\2577_숫자의 개수\2577_숫자의 개수.vcxproj", "{08FC9252-29B1-477F-9EF4-25C5851C2B42}"
EndProject
Project("{8BC9CEB8-8B4A-11D0-8D11-00A0C91BC942}") = "3052_나머지", "..\3052_나머지\3052_나머지.vcxproj", "{E2119F98-A4BA-4505-A954-F94313001BE2}"
EndProject
Project("{8BC9CEB8-8B4A-11D0-8D11-00A0C91BC942}") = "4949_균현잡힌 세상", "..\4949_균현잡힌 세상\4949_균현잡힌 세상.vcxproj", "{54DE8B2F-D03F-4E9C-B0E8-0C013193A993}"
EndProject
Project("{8BC9CEB8-8B4A-11D0-8D11-00A0C91BC942}") = "1546_평균", "..\1546_평균\1546_평균.vcxproj", "{6C20341F-6383-41EC-8FDE-7B7B916FF209}"
EndProject
Project("{8BC9CEB8-8B4A-11D0-8D11-00A0C91BC942}") = "8958_OX퀴즈", "..\8958_OX퀴즈\8958_OX퀴즈.vcxproj", "{889449C3-B5CF-403D-B360-29DFD442E558}"
EndProject
Project("{8BC9CEB8-8B4A-11D0-8D11-00A0C91BC942}") = "4344_평균은 넘겠지", "..\4344_평균은 넘겠지\4344_평균은 넘겠지.vcxproj", "{45605C57-9FB4-4617-B0E1-C01840DC202E}"
EndProject
Project("{8BC9CEB8-8B4A-11D0-8D11-00A0C91BC942}") = "15596_정수 N개의 합", "..\15596_정수 N개의 합\15596_정수 N개의 합.vcxproj", "{20E8B747-BC9F-4E8B-B712-90178FC2D06E}"
EndProject
Project("{8BC9CEB8-8B4A-11D0-8D11-00A0C91BC942}") = "2673_셀프 넘버", "..\2673_셀프 넘버\2673_셀프 넘버.vcxproj", "{0762D3E7-0990-4E80-991E-F74BBCD9CEFD}"
EndProject
Project("{8BC9CEB8-8B4A-11D0-8D11-00A0C91BC942}") = "1065_한수", "..\1065_한수\1065_한수.vcxproj", "{AB2F3673-ABDD-41D1-9D8A-7A9D2A14B103}"
EndProject
Project("{8BC9CEB8-8B4A-11D0-8D11-00A0C91BC942}") = "11654_아스키 코드", "..\11654_아스키 코드\11654_아스키 코드.vcxproj", "{0FC8F880-1767-43B8-82C4-D571C2FF88D4}"
EndProject
Project("{8BC9CEB8-8B4A-11D0-8D11-00A0C91BC942}") = "11720_숫자의 합", "..\11720_숫자의 합\11720_숫자의 합.vcxproj", "{55706ADF-3D65-40B0-A3DA-44716CD16546}"
EndProject
Project("{8BC9CEB8-8B4A-11D0-8D11-00A0C91BC942}") = "10809_알파벳 찾기", "..\10809_알파벳 찾기\10809_알파벳 찾기.vcxproj", "{0D85EEA5-2442-4BA8-8D6C-6F6E6D9B7722}"
EndProject
Project("{8BC9CEB8-8B4A-11D0-8D11-00A0C91BC942}") = "2675_문자열 반복", "..\2675_문자열 반복\2675_문자열 반복.vcxproj", "{20DD0659-C429-4990-ADA9-8C588D78020E}"
EndProject
Project("{8BC9CEB8-8B4A-11D0-8D11-00A0C91BC942}") = "1157_단어 공부", "..\1157_단어 공부\1157_단어 공부.vcxproj", "{86ADE5FD-5F4D-4010-8428-A54B87AF4F99}"
EndProject
Project("{8BC9CEB8-8B4A-11D0-8D11-00A0C91BC942}") = "1152_단어의 개수", "..\1152_단어의 개수\1152_단어의 개수.vcxproj", "{C3F555A0-0EB6-41B9-8FB7-8B0BDA2EE792}"
EndProject
Project("{8BC9CEB8-8B4A-11D0-8D11-00A0C91BC942}") = "2908_상수", "..\2908_상수\2908_상수.vcxproj", "{11392E96-7530-4664-9021-D8AA6244E148}"
EndProject
Project("{8BC9CEB8-8B4A-11D0-8D11-00A0C91BC942}") = "5622_다이얼", "..\5622_다이얼\5622_다이얼.vcxproj", "{A88F1483-A25B-4B69-9BF3-01F68DBC9746}"
EndProject
Project("{8BC9CEB8-8B4A-11D0-8D11-00A0C91BC942}") = "2941_크로아티아 알파벳", "..\2941_크로아티아 알파벳\2941_크로아티아 알파벳.vcxproj", "{800FAC3E-7B8E-480A-A58D-A0AB58324BDD}"
EndProject
Project("{8BC9CEB8-8B4A-11D0-8D11-00A0C91BC942}") = "1316_그룹 단어 체커", "..\1316_그룹 단어 체커\1316_그룹 단어 체커.vcxproj", "{8D7EF1EB-5DAB-4681-9296-260591343F6E}"
EndProject
Project("{8BC9CEB8-8B4A-11D0-8D11-00A0C91BC942}") = "1712_손익분기점", "..\1712_손익분기점\1712_손익분기점.vcxproj", "{A1E3EF8B-1B62-4894-A9C2-C7F0B6471298}"
EndProject
Project("{8BC9CEB8-8B4A-11D0-8D11-00A0C91BC942}") = "2292_벌집", "..\2292_벌집\2292_벌집.vcxproj", "{CF9347BD-4C6F-427F-A8DA-511D6F3971ED}"
EndProject
Project("{8BC9CEB8-8B4A-11D0-8D11-00A0C91BC942}") = "1193_분수찾기", "..\1193_분수찾기\1193_분수찾기.vcxproj", "{308344D4-694B-455F-81AB-6B964D316069}"
EndProject
Project("{8BC9CEB8-8B4A-11D0-8D11-00A0C91BC942}") = "2869_달팽이는 올라가고 싶다", "..\2869_달팽이는 올라가고 싶다\2869_달팽이는 올라가고 싶다.vcxproj", "{D17542E4-EA43-42C8-8D08-709127260A83}"
EndProject
Project("{8BC9CEB8-8B4A-11D0-8D11-00A0C91BC942}") = "1920_수 찾기", "..\1920_수 찾기\1920_수 찾기.vcxproj", "{1441E59F-D278-4291-9153-C2AC2E3337D1}"
EndProject
Project("{8BC9CEB8-8B4A-11D0-8D11-00A0C91BC942}") = "10816_숫자 카드 2", "..\10816_숫자 카드 2\10816_숫자 카드 2.vcxproj", "{1E5B25EA-C71B-4898-8153-2EDE7A1CB491}"
EndProject
Project("{8BC9CEB8-8B4A-11D0-8D11-00A0C91BC942}") = "10250_ACM 호텔", "..\10250_ACM 호텔\10250_ACM 호텔.vcxproj", "{5FFE3225-F11F-47D7-946E-AFA9DA742F6F}"
EndProject
Project("{8BC9CEB8-8B4A-11D0-8D11-00A0C91BC942}") = "2775_부녀회장이 될테야", "..\2775_부녀회장이 될테야\2775_부녀회장이 될테야.vcxproj", "{41BD0621-08A6-431E-94EB-E2C8BBAC94EB}"
EndProject
Project("{8BC9CEB8-8B4A-11D0-8D11-00A0C91BC942}") = "2750_수 정렬하기", "..\2750_수 정렬하기\2750_수 정렬하기.vcxproj", "{7C644721-2EAF-48EF-A298-D6AC4446CECE}"
EndProject
Project("{8BC9CEB8-8B4A-11D0-8D11-00A0C91BC942}") = "2751_수 정렬하기 2", "..\2751_수 정렬하기 2\2751_수 정렬하기 2.vcxproj", "{7180D2B2-A42D-4139-9B1F-C065AE43857A}"
EndProject
Project("{8BC9CEB8-8B4A-11D0-8D11-00A0C91BC942}") = "10989_수 정렬하기 3", "..\10989_수 정렬하기 3\10989_수 정렬하기 3.vcxproj", "{57DE9FC8-C223-4E8D-9D7E-9078BD61B900}"
EndProject
Project("{8BC9CEB8-8B4A-11D0-8D11-00A0C91BC942}") = "2108_통계학", "..\2108_통계학\2108_통계학.vcxproj", "{B7E23A86-E5EA-4CFC-8094-2AA59611C9BE}"
EndProject
Project("{8BC9CEB8-8B4A-11D0-8D11-00A0C91BC942}") = "1427_소트인사이드", "..\1427_소트인사이드\1427_소트인사이드.vcxproj", "{81545712-9AB5-418D-A30A-5449E286C2F4}"
EndProject
Project("{8BC9CEB8-8B4A-11D0-8D11-00A0C91BC942}") = "11650_좌표 정렬하기", "..\11650_좌표 정렬하기\11650_좌표 정렬하기.vcxproj", "{3977EEC4-0586-493E-ACF9-517C223D52AC}"
EndProject
Project("{8BC9CEB8-8B4A-11D0-8D11-00A0C91BC942}") = "11651_좌표 정렬하기 2", "..\11651_좌표 정렬하기 2\11651_좌표 정렬하기 2.vcxproj", "{1192778E-7B49-41C1-B065-B5393D3DAB6C}"
EndProject
Project("{8BC9CEB8-8B4A-11D0-8D11-00A0C91BC942}") = "1181_단어 정렬", "..\1181_단어 정렬\1181_단어 정렬.vcxproj", "{82E45D3F-287E-4422-91C8-48BF7AF984B9}"
EndProject
Project("{8BC9CEB8-8B4A-11D0-8D11-00A0C91BC942}") = "10814_나이순 정렬", "..\10814_나이순 정렬\10814_나이순 정렬.vcxproj", "{A71A0A93-6CA4-4194-A53C-603F8FC283A4}"
EndProject
Project("{8BC9CEB8-8B4A-11D0-8D11-00A0C91BC942}") = "18870_좌표 압축", "..\18870_좌표 압축\18870_좌표 압축.vcxproj", "{5DFB3346-3AD8-44A0-85FF-51252D0FB9FF}"
EndProject
Project("{8BC9CEB8-8B4A-11D0-8D11-00A0C91BC942}") = "1874_스택 수열", "..\1874_스택 수열\1874_스택 수열.vcxproj", "{D15B1E12-AABF-442C-8364-E033A1336C75}"
EndProject
Project("{8BC9CEB8-8B4A-11D0-8D11-00A0C91BC942}") = "2839_설탕 배달", "..\2839_설탕 배달\2839_설탕 배달.vcxproj", "{1AC7B84D-7222-44C3-BB96-A980DD7CAFD3}"
EndProject
Project("{8BC9CEB8-8B4A-11D0-8D11-00A0C91BC942}") = "10757_큰 수 A+B", "..\10757_큰 수 A+B\10757_큰 수 A+B.vcxproj", "{13BC423A-781B-4C5E-BE12-5B01F0BE99E0}"
EndProject
Project("{8BC9CEB8-8B4A-11D0-8D11-00A0C91BC942}") = "11047_동전 0", "..\11047_동전 0\11047_동전 0.vcxproj", "{756BDD50-AE2B-424D-BCA6-63C3620406F9}"
EndProject
Project("{8BC9CEB8-8B4A-11D0-8D11-00A0C91BC942}") = "1931_회의실 배정", "..\1931_회의실 배정\1931_회의실 배정.vcxproj", "{F06F2E9D-AD0B-4660-B793-51ED9D3AE13A}"
EndProject
Global
	GlobalSection(SolutionConfigurationPlatforms) = preSolution
		Debug|x64 = Debug|x64
		Debug|x86 = Debug|x86
		Release|x64 = Release|x64
		Release|x86 = Release|x86
	EndGlobalSection
	GlobalSection(ProjectConfigurationPlatforms) = postSolution
		{0AEF4633-5641-4994-8656-96518A65F256}.Debug|x64.ActiveCfg = Debug|x64
		{0AEF4633-5641-4994-8656-96518A65F256}.Debug|x64.Build.0 = Debug|x64
		{0AEF4633-5641-4994-8656-96518A65F256}.Debug|x86.ActiveCfg = Debug|Win32
		{0AEF4633-5641-4994-8656-96518A65F256}.Debug|x86.Build.0 = Debug|Win32
		{0AEF4633-5641-4994-8656-96518A65F256}.Release|x64.ActiveCfg = Release|x64
		{0AEF4633-5641-4994-8656-96518A65F256}.Release|x64.Build.0 = Release|x64
		{0AEF4633-5641-4994-8656-96518A65F256}.Release|x86.ActiveCfg = Release|Win32
		{0AEF4633-5641-4994-8656-96518A65F256}.Release|x86.Build.0 = Release|Win32
		{101231D5-B989-4A4B-88DA-754546EB4468}.Debug|x64.ActiveCfg = Debug|x64
		{101231D5-B989-4A4B-88DA-754546EB4468}.Debug|x64.Build.0 = Debug|x64
		{101231D5-B989-4A4B-88DA-754546EB4468}.Debug|x86.ActiveCfg = Debug|Win32
		{101231D5-B989-4A4B-88DA-754546EB4468}.Debug|x86.Build.0 = Debug|Win32
		{101231D5-B989-4A4B-88DA-754546EB4468}.Release|x64.ActiveCfg = Release|x64
		{101231D5-B989-4A4B-88DA-754546EB4468}.Release|x64.Build.0 = Release|x64
		{101231D5-B989-4A4B-88DA-754546EB4468}.Release|x86.ActiveCfg = Release|Win32
		{101231D5-B989-4A4B-88DA-754546EB4468}.Release|x86.Build.0 = Release|Win32
		{8969BC22-B54C-435D-91A2-56CE09919A1A}.Debug|x64.ActiveCfg = Debug|x64
		{8969BC22-B54C-435D-91A2-56CE09919A1A}.Debug|x64.Build.0 = Debug|x64
		{8969BC22-B54C-435D-91A2-56CE09919A1A}.Debug|x86.ActiveCfg = Debug|Win32
		{8969BC22-B54C-435D-91A2-56CE09919A1A}.Debug|x86.Build.0 = Debug|Win32
		{8969BC22-B54C-435D-91A2-56CE09919A1A}.Release|x64.ActiveCfg = Release|x64
		{8969BC22-B54C-435D-91A2-56CE09919A1A}.Release|x64.Build.0 = Release|x64
		{8969BC22-B54C-435D-91A2-56CE09919A1A}.Release|x86.ActiveCfg = Release|Win32
		{8969BC22-B54C-435D-91A2-56CE09919A1A}.Release|x86.Build.0 = Release|Win32
		{E751A4D8-C6C6-45A1-B0C2-824452C40EA6}.Debug|x64.ActiveCfg = Debug|x64
		{E751A4D8-C6C6-45A1-B0C2-824452C40EA6}.Debug|x64.Build.0 = Debug|x64
		{E751A4D8-C6C6-45A1-B0C2-824452C40EA6}.Debug|x86.ActiveCfg = Debug|Win32
		{E751A4D8-C6C6-45A1-B0C2-824452C40EA6}.Debug|x86.Build.0 = Debug|Win32
		{E751A4D8-C6C6-45A1-B0C2-824452C40EA6}.Release|x64.ActiveCfg = Release|x64
		{E751A4D8-C6C6-45A1-B0C2-824452C40EA6}.Release|x64.Build.0 = Release|x64
		{E751A4D8-C6C6-45A1-B0C2-824452C40EA6}.Release|x86.ActiveCfg = Release|Win32
		{E751A4D8-C6C6-45A1-B0C2-824452C40EA6}.Release|x86.Build.0 = Release|Win32
		{000787AE-B166-4125-84CF-A5692DD207CD}.Debug|x64.ActiveCfg = Debug|x64
		{000787AE-B166-4125-84CF-A5692DD207CD}.Debug|x64.Build.0 = Debug|x64
		{000787AE-B166-4125-84CF-A5692DD207CD}.Debug|x86.ActiveCfg = Debug|Win32
		{000787AE-B166-4125-84CF-A5692DD207CD}.Debug|x86.Build.0 = Debug|Win32
		{000787AE-B166-4125-84CF-A5692DD207CD}.Release|x64.ActiveCfg = Release|x64
		{000787AE-B166-4125-84CF-A5692DD207CD}.Release|x64.Build.0 = Release|x64
		{000787AE-B166-4125-84CF-A5692DD207CD}.Release|x86.ActiveCfg = Release|Win32
		{000787AE-B166-4125-84CF-A5692DD207CD}.Release|x86.Build.0 = Release|Win32
		{328BED3A-7585-4158-9AD1-443E65D8E1C7}.Debug|x64.ActiveCfg = Debug|x64
		{328BED3A-7585-4158-9AD1-443E65D8E1C7}.Debug|x64.Build.0 = Debug|x64
		{328BED3A-7585-4158-9AD1-443E65D8E1C7}.Debug|x86.ActiveCfg = Debug|Win32
		{328BED3A-7585-4158-9AD1-443E65D8E1C7}.Debug|x86.Build.0 = Debug|Win32
		{328BED3A-7585-4158-9AD1-443E65D8E1C7}.Release|x64.ActiveCfg = Release|x64
		{328BED3A-7585-4158-9AD1-443E65D8E1C7}.Release|x64.Build.0 = Release|x64
		{328BED3A-7585-4158-9AD1-443E65D8E1C7}.Release|x86.ActiveCfg = Release|Win32
		{328BED3A-7585-4158-9AD1-443E65D8E1C7}.Release|x86.Build.0 = Release|Win32
		{13AB52F0-0B53-485B-8EB9-231A567E0C06}.Debug|x64.ActiveCfg = Debug|x64
		{13AB52F0-0B53-485B-8EB9-231A567E0C06}.Debug|x64.Build.0 = Debug|x64
		{13AB52F0-0B53-485B-8EB9-231A567E0C06}.Debug|x86.ActiveCfg = Debug|Win32
		{13AB52F0-0B53-485B-8EB9-231A567E0C06}.Debug|x86.Build.0 = Debug|Win32
		{13AB52F0-0B53-485B-8EB9-231A567E0C06}.Release|x64.ActiveCfg = Release|x64
		{13AB52F0-0B53-485B-8EB9-231A567E0C06}.Release|x64.Build.0 = Release|x64
		{13AB52F0-0B53-485B-8EB9-231A567E0C06}.Release|x86.ActiveCfg = Release|Win32
		{13AB52F0-0B53-485B-8EB9-231A567E0C06}.Release|x86.Build.0 = Release|Win32
		{0A6A0AB2-ABA1-42FB-B0A8-1595A034065F}.Debug|x64.ActiveCfg = Debug|x64
		{0A6A0AB2-ABA1-42FB-B0A8-1595A034065F}.Debug|x64.Build.0 = Debug|x64
		{0A6A0AB2-ABA1-42FB-B0A8-1595A034065F}.Debug|x86.ActiveCfg = Debug|Win32
		{0A6A0AB2-ABA1-42FB-B0A8-1595A034065F}.Debug|x86.Build.0 = Debug|Win32
		{0A6A0AB2-ABA1-42FB-B0A8-1595A034065F}.Release|x64.ActiveCfg = Release|x64
		{0A6A0AB2-ABA1-42FB-B0A8-1595A034065F}.Release|x64.Build.0 = Release|x64
		{0A6A0AB2-ABA1-42FB-B0A8-1595A034065F}.Release|x86.ActiveCfg = Release|Win32
		{0A6A0AB2-ABA1-42FB-B0A8-1595A034065F}.Release|x86.Build.0 = Release|Win32
		{68D727B1-2FAE-4DF9-A474-9015B3B6586D}.Debug|x64.ActiveCfg = Debug|x64
		{68D727B1-2FAE-4DF9-A474-9015B3B6586D}.Debug|x64.Build.0 = Debug|x64
		{68D727B1-2FAE-4DF9-A474-9015B3B6586D}.Debug|x86.ActiveCfg = Debug|Win32
		{68D727B1-2FAE-4DF9-A474-9015B3B6586D}.Debug|x86.Build.0 = Debug|Win32
		{68D727B1-2FAE-4DF9-A474-9015B3B6586D}.Release|x64.ActiveCfg = Release|x64
		{68D727B1-2FAE-4DF9-A474-9015B3B6586D}.Release|x64.Build.0 = Release|x64
		{68D727B1-2FAE-4DF9-A474-9015B3B6586D}.Release|x86.ActiveCfg = Release|Win32
		{68D727B1-2FAE-4DF9-A474-9015B3B6586D}.Release|x86.Build.0 = Release|Win32
		{7ED3027C-197F-40D8-8B3D-DEC34D63BC32}.Debug|x64.ActiveCfg = Debug|x64
		{7ED3027C-197F-40D8-8B3D-DEC34D63BC32}.Debug|x64.Build.0 = Debug|x64
		{7ED3027C-197F-40D8-8B3D-DEC34D63BC32}.Debug|x86.ActiveCfg = Debug|Win32
		{7ED3027C-197F-40D8-8B3D-DEC34D63BC32}.Debug|x86.Build.0 = Debug|Win32
		{7ED3027C-197F-40D8-8B3D-DEC34D63BC32}.Release|x64.ActiveCfg = Release|x64
		{7ED3027C-197F-40D8-8B3D-DEC34D63BC32}.Release|x64.Build.0 = Release|x64
		{7ED3027C-197F-40D8-8B3D-DEC34D63BC32}.Release|x86.ActiveCfg = Release|Win32
		{7ED3027C-197F-40D8-8B3D-DEC34D63BC32}.Release|x86.Build.0 = Release|Win32
		{35BF7240-0CA0-4FA5-9122-E350BE43ECE7}.Debug|x64.ActiveCfg = Debug|x64
		{35BF7240-0CA0-4FA5-9122-E350BE43ECE7}.Debug|x64.Build.0 = Debug|x64
		{35BF7240-0CA0-4FA5-9122-E350BE43ECE7}.Debug|x86.ActiveCfg = Debug|Win32
		{35BF7240-0CA0-4FA5-9122-E350BE43ECE7}.Debug|x86.Build.0 = Debug|Win32
		{35BF7240-0CA0-4FA5-9122-E350BE43ECE7}.Release|x64.ActiveCfg = Release|x64
		{35BF7240-0CA0-4FA5-9122-E350BE43ECE7}.Release|x64.Build.0 = Release|x64
		{35BF7240-0CA0-4FA5-9122-E350BE43ECE7}.Release|x86.ActiveCfg = Release|Win32
		{35BF7240-0CA0-4FA5-9122-E350BE43ECE7}.Release|x86.Build.0 = Release|Win32
		{0AEA2215-D6F4-4427-AC98-13269E344FCC}.Debug|x64.ActiveCfg = Debug|x64
		{0AEA2215-D6F4-4427-AC98-13269E344FCC}.Debug|x64.Build.0 = Debug|x64
		{0AEA2215-D6F4-4427-AC98-13269E344FCC}.Debug|x86.ActiveCfg = Debug|Win32
		{0AEA2215-D6F4-4427-AC98-13269E344FCC}.Debug|x86.Build.0 = Debug|Win32
		{0AEA2215-D6F4-4427-AC98-13269E344FCC}.Release|x64.ActiveCfg = Release|x64
		{0AEA2215-D6F4-4427-AC98-13269E344FCC}.Release|x64.Build.0 = Release|x64
		{0AEA2215-D6F4-4427-AC98-13269E344FCC}.Release|x86.ActiveCfg = Release|Win32
		{0AEA2215-D6F4-4427-AC98-13269E344FCC}.Release|x86.Build.0 = Release|Win32
		{7E888F89-4AC9-41A7-9889-43420A34A7CC}.Debug|x64.ActiveCfg = Debug|x64
		{7E888F89-4AC9-41A7-9889-43420A34A7CC}.Debug|x64.Build.0 = Debug|x64
		{7E888F89-4AC9-41A7-9889-43420A34A7CC}.Debug|x86.ActiveCfg = Debug|Win32
		{7E888F89-4AC9-41A7-9889-43420A34A7CC}.Debug|x86.Build.0 = Debug|Win32
		{7E888F89-4AC9-41A7-9889-43420A34A7CC}.Release|x64.ActiveCfg = Release|x64
		{7E888F89-4AC9-41A7-9889-43420A34A7CC}.Release|x64.Build.0 = Release|x64
		{7E888F89-4AC9-41A7-9889-43420A34A7CC}.Release|x86.ActiveCfg = Release|Win32
		{7E888F89-4AC9-41A7-9889-43420A34A7CC}.Release|x86.Build.0 = Release|Win32
		{A8C96884-FE35-460E-A65C-68867E244780}.Debug|x64.ActiveCfg = Debug|x64
		{A8C96884-FE35-460E-A65C-68867E244780}.Debug|x64.Build.0 = Debug|x64
		{A8C96884-FE35-460E-A65C-68867E244780}.Debug|x86.ActiveCfg = Debug|Win32
		{A8C96884-FE35-460E-A65C-68867E244780}.Debug|x86.Build.0 = Debug|Win32
		{A8C96884-FE35-460E-A65C-68867E244780}.Release|x64.ActiveCfg = Release|x64
		{A8C96884-FE35-460E-A65C-68867E244780}.Release|x64.Build.0 = Release|x64
		{A8C96884-FE35-460E-A65C-68867E244780}.Release|x86.ActiveCfg = Release|Win32
		{A8C96884-FE35-460E-A65C-68867E244780}.Release|x86.Build.0 = Release|Win32
		{65B40997-ED76-46B8-89A8-445D622D2F38}.Debug|x64.ActiveCfg = Debug|x64
		{65B40997-ED76-46B8-89A8-445D622D2F38}.Debug|x64.Build.0 = Debug|x64
		{65B40997-ED76-46B8-89A8-445D622D2F38}.Debug|x86.ActiveCfg = Debug|Win32
		{65B40997-ED76-46B8-89A8-445D622D2F38}.Debug|x86.Build.0 = Debug|Win32
		{65B40997-ED76-46B8-89A8-445D622D2F38}.Release|x64.ActiveCfg = Release|x64
		{65B40997-ED76-46B8-89A8-445D622D2F38}.Release|x64.Build.0 = Release|x64
		{65B40997-ED76-46B8-89A8-445D622D2F38}.Release|x86.ActiveCfg = Release|Win32
		{65B40997-ED76-46B8-89A8-445D622D2F38}.Release|x86.Build.0 = Release|Win32
		{8C8E961B-3E57-4008-AAF5-E4650BA1E184}.Debug|x64.ActiveCfg = Debug|x64
		{8C8E961B-3E57-4008-AAF5-E4650BA1E184}.Debug|x64.Build.0 = Debug|x64
		{8C8E961B-3E57-4008-AAF5-E4650BA1E184}.Debug|x86.ActiveCfg = Debug|Win32
		{8C8E961B-3E57-4008-AAF5-E4650BA1E184}.Debug|x86.Build.0 = Debug|Win32
		{8C8E961B-3E57-4008-AAF5-E4650BA1E184}.Release|x64.ActiveCfg = Release|x64
		{8C8E961B-3E57-4008-AAF5-E4650BA1E184}.Release|x64.Build.0 = Release|x64
		{8C8E961B-3E57-4008-AAF5-E4650BA1E184}.Release|x86.ActiveCfg = Release|Win32
		{8C8E961B-3E57-4008-AAF5-E4650BA1E184}.Release|x86.Build.0 = Release|Win32
		{292E6D51-BD8C-44F5-A659-47449D9B085D}.Debug|x64.ActiveCfg = Debug|x64
		{292E6D51-BD8C-44F5-A659-47449D9B085D}.Debug|x64.Build.0 = Debug|x64
		{292E6D51-BD8C-44F5-A659-47449D9B085D}.Debug|x86.ActiveCfg = Debug|Win32
		{292E6D51-BD8C-44F5-A659-47449D9B085D}.Debug|x86.Build.0 = Debug|Win32
		{292E6D51-BD8C-44F5-A659-47449D9B085D}.Release|x64.ActiveCfg = Release|x64
		{292E6D51-BD8C-44F5-A659-47449D9B085D}.Release|x64.Build.0 = Release|x64
		{292E6D51-BD8C-44F5-A659-47449D9B085D}.Release|x86.ActiveCfg = Release|Win32
		{292E6D51-BD8C-44F5-A659-47449D9B085D}.Release|x86.Build.0 = Release|Win32
		{9560CFC1-98D9-4649-8C4A-C27A1F346601}.Debug|x64.ActiveCfg = Debug|x64
		{9560CFC1-98D9-4649-8C4A-C27A1F346601}.Debug|x64.Build.0 = Debug|x64
		{9560CFC1-98D9-4649-8C4A-C27A1F346601}.Debug|x86.ActiveCfg = Debug|Win32
		{9560CFC1-98D9-4649-8C4A-C27A1F346601}.Debug|x86.Build.0 = Debug|Win32
		{9560CFC1-98D9-4649-8C4A-C27A1F346601}.Release|x64.ActiveCfg = Release|x64
		{9560CFC1-98D9-4649-8C4A-C27A1F346601}.Release|x64.Build.0 = Release|x64
		{9560CFC1-98D9-4649-8C4A-C27A1F346601}.Release|x86.ActiveCfg = Release|Win32
		{9560CFC1-98D9-4649-8C4A-C27A1F346601}.Release|x86.Build.0 = Release|Win32
		{49014529-A9CA-4DF1-A46F-65D9978510C7}.Debug|x64.ActiveCfg = Debug|x64
		{49014529-A9CA-4DF1-A46F-65D9978510C7}.Debug|x64.Build.0 = Debug|x64
		{49014529-A9CA-4DF1-A46F-65D9978510C7}.Debug|x86.ActiveCfg = Debug|Win32
		{49014529-A9CA-4DF1-A46F-65D9978510C7}.Debug|x86.Build.0 = Debug|Win32
		{49014529-A9CA-4DF1-A46F-65D9978510C7}.Release|x64.ActiveCfg = Release|x64
		{49014529-A9CA-4DF1-A46F-65D9978510C7}.Release|x64.Build.0 = Release|x64
		{49014529-A9CA-4DF1-A46F-65D9978510C7}.Release|x86.ActiveCfg = Release|Win32
		{49014529-A9CA-4DF1-A46F-65D9978510C7}.Release|x86.Build.0 = Release|Win32
		{80B8A234-C7EC-417A-9062-A5829DFD8728}.Debug|x64.ActiveCfg = Debug|x64
		{80B8A234-C7EC-417A-9062-A5829DFD8728}.Debug|x64.Build.0 = Debug|x64
		{80B8A234-C7EC-417A-9062-A5829DFD8728}.Debug|x86.ActiveCfg = Debug|Win32
		{80B8A234-C7EC-417A-9062-A5829DFD8728}.Debug|x86.Build.0 = Debug|Win32
		{80B8A234-C7EC-417A-9062-A5829DFD8728}.Release|x64.ActiveCfg = Release|x64
		{80B8A234-C7EC-417A-9062-A5829DFD8728}.Release|x64.Build.0 = Release|x64
		{80B8A234-C7EC-417A-9062-A5829DFD8728}.Release|x86.ActiveCfg = Release|Win32
		{80B8A234-C7EC-417A-9062-A5829DFD8728}.Release|x86.Build.0 = Release|Win32
		{2132D14A-8278-4DCE-974C-44CBF23D1DD3}.Debug|x64.ActiveCfg = Debug|x64
		{2132D14A-8278-4DCE-974C-44CBF23D1DD3}.Debug|x64.Build.0 = Debug|x64
		{2132D14A-8278-4DCE-974C-44CBF23D1DD3}.Debug|x86.ActiveCfg = Debug|Win32
		{2132D14A-8278-4DCE-974C-44CBF23D1DD3}.Debug|x86.Build.0 = Debug|Win32
		{2132D14A-8278-4DCE-974C-44CBF23D1DD3}.Release|x64.ActiveCfg = Release|x64
		{2132D14A-8278-4DCE-974C-44CBF23D1DD3}.Release|x64.Build.0 = Release|x64
		{2132D14A-8278-4DCE-974C-44CBF23D1DD3}.Release|x86.ActiveCfg = Release|Win32
		{2132D14A-8278-4DCE-974C-44CBF23D1DD3}.Release|x86.Build.0 = Release|Win32
		{01731CB8-DDD6-43A2-A063-142351766E88}.Debug|x64.ActiveCfg = Debug|x64
		{01731CB8-DDD6-43A2-A063-142351766E88}.Debug|x64.Build.0 = Debug|x64
		{01731CB8-DDD6-43A2-A063-142351766E88}.Debug|x86.ActiveCfg = Debug|Win32
		{01731CB8-DDD6-43A2-A063-142351766E88}.Debug|x86.Build.0 = Debug|Win32
		{01731CB8-DDD6-43A2-A063-142351766E88}.Release|x64.ActiveCfg = Release|x64
		{01731CB8-DDD6-43A2-A063-142351766E88}.Release|x64.Build.0 = Release|x64
		{01731CB8-DDD6-43A2-A063-142351766E88}.Release|x86.ActiveCfg = Release|Win32
		{01731CB8-DDD6-43A2-A063-142351766E88}.Release|x86.Build.0 = Release|Win32
		{FF560300-2102-459D-9220-3ADB18659027}.Debug|x64.ActiveCfg = Debug|x64
		{FF560300-2102-459D-9220-3ADB18659027}.Debug|x64.Build.0 = Debug|x64
		{FF560300-2102-459D-9220-3ADB18659027}.Debug|x86.ActiveCfg = Debug|Win32
		{FF560300-2102-459D-9220-3ADB18659027}.Debug|x86.Build.0 = Debug|Win32
		{FF560300-2102-459D-9220-3ADB18659027}.Release|x64.ActiveCfg = Release|x64
		{FF560300-2102-459D-9220-3ADB18659027}.Release|x64.Build.0 = Release|x64
		{FF560300-2102-459D-9220-3ADB18659027}.Release|x86.ActiveCfg = Release|Win32
		{FF560300-2102-459D-9220-3ADB18659027}.Release|x86.Build.0 = Release|Win32
		{90BA1A4A-049C-4681-A065-DAF46AEDA41A}.Debug|x64.ActiveCfg = Debug|x64
		{90BA1A4A-049C-4681-A065-DAF46AEDA41A}.Debug|x64.Build.0 = Debug|x64
		{90BA1A4A-049C-4681-A065-DAF46AEDA41A}.Debug|x86.ActiveCfg = Debug|Win32
		{90BA1A4A-049C-4681-A065-DAF46AEDA41A}.Debug|x86.Build.0 = Debug|Win32
		{90BA1A4A-049C-4681-A065-DAF46AEDA41A}.Release|x64.ActiveCfg = Release|x64
		{90BA1A4A-049C-4681-A065-DAF46AEDA41A}.Release|x64.Build.0 = Release|x64
		{90BA1A4A-049C-4681-A065-DAF46AEDA41A}.Release|x86.ActiveCfg = Release|Win32
		{90BA1A4A-049C-4681-A065-DAF46AEDA41A}.Release|x86.Build.0 = Release|Win32
		{9BB7CD92-2DBB-43B8-8B61-C856ED38C8AA}.Debug|x64.ActiveCfg = Debug|x64
		{9BB7CD92-2DBB-43B8-8B61-C856ED38C8AA}.Debug|x64.Build.0 = Debug|x64
		{9BB7CD92-2DBB-43B8-8B61-C856ED38C8AA}.Debug|x86.ActiveCfg = Debug|Win32
		{9BB7CD92-2DBB-43B8-8B61-C856ED38C8AA}.Debug|x86.Build.0 = Debug|Win32
		{9BB7CD92-2DBB-43B8-8B61-C856ED38C8AA}.Release|x64.ActiveCfg = Release|x64
		{9BB7CD92-2DBB-43B8-8B61-C856ED38C8AA}.Release|x64.Build.0 = Release|x64
		{9BB7CD92-2DBB-43B8-8B61-C856ED38C8AA}.Release|x86.ActiveCfg = Release|Win32
		{9BB7CD92-2DBB-43B8-8B61-C856ED38C8AA}.Release|x86.Build.0 = Release|Win32
		{C0BC93B6-32B8-46B9-BD2B-28F6007D19F0}.Debug|x64.ActiveCfg = Debug|x64
		{C0BC93B6-32B8-46B9-BD2B-28F6007D19F0}.Debug|x64.Build.0 = Debug|x64
		{C0BC93B6-32B8-46B9-BD2B-28F6007D19F0}.Debug|x86.ActiveCfg = Debug|Win32
		{C0BC93B6-32B8-46B9-BD2B-28F6007D19F0}.Debug|x86.Build.0 = Debug|Win32
		{C0BC93B6-32B8-46B9-BD2B-28F6007D19F0}.Release|x64.ActiveCfg = Release|x64
		{C0BC93B6-32B8-46B9-BD2B-28F6007D19F0}.Release|x64.Build.0 = Release|x64
		{C0BC93B6-32B8-46B9-BD2B-28F6007D19F0}.Release|x86.ActiveCfg = Release|Win32
		{C0BC93B6-32B8-46B9-BD2B-28F6007D19F0}.Release|x86.Build.0 = Release|Win32
		{06C52243-B287-4DB8-8529-1EDFA3EF00A6}.Debug|x64.ActiveCfg = Debug|x64
		{06C52243-B287-4DB8-8529-1EDFA3EF00A6}.Debug|x64.Build.0 = Debug|x64
		{06C52243-B287-4DB8-8529-1EDFA3EF00A6}.Debug|x86.ActiveCfg = Debug|Win32
		{06C52243-B287-4DB8-8529-1EDFA3EF00A6}.Debug|x86.Build.0 = Debug|Win32
		{06C52243-B287-4DB8-8529-1EDFA3EF00A6}.Release|x64.ActiveCfg = Release|x64
		{06C52243-B287-4DB8-8529-1EDFA3EF00A6}.Release|x64.Build.0 = Release|x64
		{06C52243-B287-4DB8-8529-1EDFA3EF00A6}.Release|x86.ActiveCfg = Release|Win32
		{06C52243-B287-4DB8-8529-1EDFA3EF00A6}.Release|x86.Build.0 = Release|Win32
		{08FC9252-29B1-477F-9EF4-25C5851C2B42}.Debug|x64.ActiveCfg = Debug|x64
		{08FC9252-29B1-477F-9EF4-25C5851C2B42}.Debug|x64.Build.0 = Debug|x64
		{08FC9252-29B1-477F-9EF4-25C5851C2B42}.Debug|x86.ActiveCfg = Debug|Win32
		{08FC9252-29B1-477F-9EF4-25C5851C2B42}.Debug|x86.Build.0 = Debug|Win32
		{08FC9252-29B1-477F-9EF4-25C5851C2B42}.Release|x64.ActiveCfg = Release|x64
		{08FC9252-29B1-477F-9EF4-25C5851C2B42}.Release|x64.Build.0 = Release|x64
		{08FC9252-29B1-477F-9EF4-25C5851C2B42}.Release|x86.ActiveCfg = Release|Win32
		{08FC9252-29B1-477F-9EF4-25C5851C2B42}.Release|x86.Build.0 = Release|Win32
		{E2119F98-A4BA-4505-A954-F94313001BE2}.Debug|x64.ActiveCfg = Debug|x64
		{E2119F98-A4BA-4505-A954-F94313001BE2}.Debug|x64.Build.0 = Debug|x64
		{E2119F98-A4BA-4505-A954-F94313001BE2}.Debug|x86.ActiveCfg = Debug|Win32
		{E2119F98-A4BA-4505-A954-F94313001BE2}.Debug|x86.Build.0 = Debug|Win32
		{E2119F98-A4BA-4505-A954-F94313001BE2}.Release|x64.ActiveCfg = Release|x64
		{E2119F98-A4BA-4505-A954-F94313001BE2}.Release|x64.Build.0 = Release|x64
		{E2119F98-A4BA-4505-A954-F94313001BE2}.Release|x86.ActiveCfg = Release|Win32
		{E2119F98-A4BA-4505-A954-F94313001BE2}.Release|x86.Build.0 = Release|Win32
		{54DE8B2F-D03F-4E9C-B0E8-0C013193A993}.Debug|x64.ActiveCfg = Debug|x64
		{54DE8B2F-D03F-4E9C-B0E8-0C013193A993}.Debug|x64.Build.0 = Debug|x64
		{54DE8B2F-D03F-4E9C-B0E8-0C013193A993}.Debug|x86.ActiveCfg = Debug|Win32
		{54DE8B2F-D03F-4E9C-B0E8-0C013193A993}.Debug|x86.Build.0 = Debug|Win32
		{54DE8B2F-D03F-4E9C-B0E8-0C013193A993}.Release|x64.ActiveCfg = Release|x64
		{54DE8B2F-D03F-4E9C-B0E8-0C013193A993}.Release|x64.Build.0 = Release|x64
		{54DE8B2F-D03F-4E9C-B0E8-0C013193A993}.Release|x86.ActiveCfg = Release|Win32
		{54DE8B2F-D03F-4E9C-B0E8-0C013193A993}.Release|x86.Build.0 = Release|Win32
		{6C20341F-6383-41EC-8FDE-7B7B916FF209}.Debug|x64.ActiveCfg = Debug|x64
		{6C20341F-6383-41EC-8FDE-7B7B916FF209}.Debug|x64.Build.0 = Debug|x64
		{6C20341F-6383-41EC-8FDE-7B7B916FF209}.Debug|x86.ActiveCfg = Debug|Win32
		{6C20341F-6383-41EC-8FDE-7B7B916FF209}.Debug|x86.Build.0 = Debug|Win32
		{6C20341F-6383-41EC-8FDE-7B7B916FF209}.Release|x64.ActiveCfg = Release|x64
		{6C20341F-6383-41EC-8FDE-7B7B916FF209}.Release|x64.Build.0 = Release|x64
		{6C20341F-6383-41EC-8FDE-7B7B916FF209}.Release|x86.ActiveCfg = Release|Win32
		{6C20341F-6383-41EC-8FDE-7B7B916FF209}.Release|x86.Build.0 = Release|Win32
		{889449C3-B5CF-403D-B360-29DFD442E558}.Debug|x64.ActiveCfg = Debug|x64
		{889449C3-B5CF-403D-B360-29DFD442E558}.Debug|x64.Build.0 = Debug|x64
		{889449C3-B5CF-403D-B360-29DFD442E558}.Debug|x86.ActiveCfg = Debug|Win32
		{889449C3-B5CF-403D-B360-29DFD442E558}.Debug|x86.Build.0 = Debug|Win32
		{889449C3-B5CF-403D-B360-29DFD442E558}.Release|x64.ActiveCfg = Release|x64
		{889449C3-B5CF-403D-B360-29DFD442E558}.Release|x64.Build.0 = Release|x64
		{889449C3-B5CF-403D-B360-29DFD442E558}.Release|x86.ActiveCfg = Release|Win32
		{889449C3-B5CF-403D-B360-29DFD442E558}.Release|x86.Build.0 = Release|Win32
		{45605C57-9FB4-4617-B0E1-C01840DC202E}.Debug|x64.ActiveCfg = Debug|x64
		{45605C57-9FB4-4617-B0E1-C01840DC202E}.Debug|x64.Build.0 = Debug|x64
		{45605C57-9FB4-4617-B0E1-C01840DC202E}.Debug|x86.ActiveCfg = Debug|Win32
		{45605C57-9FB4-4617-B0E1-C01840DC202E}.Debug|x86.Build.0 = Debug|Win32
		{45605C57-9FB4-4617-B0E1-C01840DC202E}.Release|x64.ActiveCfg = Release|x64
		{45605C57-9FB4-4617-B0E1-C01840DC202E}.Release|x64.Build.0 = Release|x64
		{45605C57-9FB4-4617-B0E1-C01840DC202E}.Release|x86.ActiveCfg = Release|Win32
		{45605C57-9FB4-4617-B0E1-C01840DC202E}.Release|x86.Build.0 = Release|Win32
		{20E8B747-BC9F-4E8B-B712-90178FC2D06E}.Debug|x64.ActiveCfg = Debug|x64
		{20E8B747-BC9F-4E8B-B712-90178FC2D06E}.Debug|x64.Build.0 = Debug|x64
		{20E8B747-BC9F-4E8B-B712-90178FC2D06E}.Debug|x86.ActiveCfg = Debug|Win32
		{20E8B747-BC9F-4E8B-B712-90178FC2D06E}.Debug|x86.Build.0 = Debug|Win32
		{20E8B747-BC9F-4E8B-B712-90178FC2D06E}.Release|x64.ActiveCfg = Release|x64
		{20E8B747-BC9F-4E8B-B712-90178FC2D06E}.Release|x64.Build.0 = Release|x64
		{20E8B747-BC9F-4E8B-B712-90178FC2D06E}.Release|x86.ActiveCfg = Release|Win32
		{20E8B747-BC9F-4E8B-B712-90178FC2D06E}.Release|x86.Build.0 = Release|Win32
		{0762D3E7-0990-4E80-991E-F74BBCD9CEFD}.Debug|x64.ActiveCfg = Debug|x64
		{0762D3E7-0990-4E80-991E-F74BBCD9CEFD}.Debug|x64.Build.0 = Debug|x64
		{0762D3E7-0990-4E80-991E-F74BBCD9CEFD}.Debug|x86.ActiveCfg = Debug|Win32
		{0762D3E7-0990-4E80-991E-F74BBCD9CEFD}.Debug|x86.Build.0 = Debug|Win32
		{0762D3E7-0990-4E80-991E-F74BBCD9CEFD}.Release|x64.ActiveCfg = Release|x64
		{0762D3E7-0990-4E80-991E-F74BBCD9CEFD}.Release|x64.Build.0 = Release|x64
		{0762D3E7-0990-4E80-991E-F74BBCD9CEFD}.Release|x86.ActiveCfg = Release|Win32
		{0762D3E7-0990-4E80-991E-F74BBCD9CEFD}.Release|x86.Build.0 = Release|Win32
		{AB2F3673-ABDD-41D1-9D8A-7A9D2A14B103}.Debug|x64.ActiveCfg = Debug|x64
		{AB2F3673-ABDD-41D1-9D8A-7A9D2A14B103}.Debug|x64.Build.0 = Debug|x64
		{AB2F3673-ABDD-41D1-9D8A-7A9D2A14B103}.Debug|x86.ActiveCfg = Debug|Win32
		{AB2F3673-ABDD-41D1-9D8A-7A9D2A14B103}.Debug|x86.Build.0 = Debug|Win32
		{AB2F3673-ABDD-41D1-9D8A-7A9D2A14B103}.Release|x64.ActiveCfg = Release|x64
		{AB2F3673-ABDD-41D1-9D8A-7A9D2A14B103}.Release|x64.Build.0 = Release|x64
		{AB2F3673-ABDD-41D1-9D8A-7A9D2A14B103}.Release|x86.ActiveCfg = Release|Win32
		{AB2F3673-ABDD-41D1-9D8A-7A9D2A14B103}.Release|x86.Build.0 = Release|Win32
		{0FC8F880-1767-43B8-82C4-D571C2FF88D4}.Debug|x64.ActiveCfg = Debug|x64
		{0FC8F880-1767-43B8-82C4-D571C2FF88D4}.Debug|x64.Build.0 = Debug|x64
		{0FC8F880-1767-43B8-82C4-D571C2FF88D4}.Debug|x86.ActiveCfg = Debug|Win32
		{0FC8F880-1767-43B8-82C4-D571C2FF88D4}.Debug|x86.Build.0 = Debug|Win32
		{0FC8F880-1767-43B8-82C4-D571C2FF88D4}.Release|x64.ActiveCfg = Release|x64
		{0FC8F880-1767-43B8-82C4-D571C2FF88D4}.Release|x64.Build.0 = Release|x64
		{0FC8F880-1767-43B8-82C4-D571C2FF88D4}.Release|x86.ActiveCfg = Release|Win32
		{0FC8F880-1767-43B8-82C4-D571C2FF88D4}.Release|x86.Build.0 = Release|Win32
		{55706ADF-3D65-40B0-A3DA-44716CD16546}.Debug|x64.ActiveCfg = Debug|x64
		{55706ADF-3D65-40B0-A3DA-44716CD16546}.Debug|x64.Build.0 = Debug|x64
		{55706ADF-3D65-40B0-A3DA-44716CD16546}.Debug|x86.ActiveCfg = Debug|Win32
		{55706ADF-3D65-40B0-A3DA-44716CD16546}.Debug|x86.Build.0 = Debug|Win32
		{55706ADF-3D65-40B0-A3DA-44716CD16546}.Release|x64.ActiveCfg = Release|x64
		{55706ADF-3D65-40B0-A3DA-44716CD16546}.Release|x64.Build.0 = Release|x64
		{55706ADF-3D65-40B0-A3DA-44716CD16546}.Release|x86.ActiveCfg = Release|Win32
		{55706ADF-3D65-40B0-A3DA-44716CD16546}.Release|x86.Build.0 = Release|Win32
		{0D85EEA5-2442-4BA8-8D6C-6F6E6D9B7722}.Debug|x64.ActiveCfg = Debug|x64
		{0D85EEA5-2442-4BA8-8D6C-6F6E6D9B7722}.Debug|x64.Build.0 = Debug|x64
		{0D85EEA5-2442-4BA8-8D6C-6F6E6D9B7722}.Debug|x86.ActiveCfg = Debug|Win32
		{0D85EEA5-2442-4BA8-8D6C-6F6E6D9B7722}.Debug|x86.Build.0 = Debug|Win32
		{0D85EEA5-2442-4BA8-8D6C-6F6E6D9B7722}.Release|x64.ActiveCfg = Release|x64
		{0D85EEA5-2442-4BA8-8D6C-6F6E6D9B7722}.Release|x64.Build.0 = Release|x64
		{0D85EEA5-2442-4BA8-8D6C-6F6E6D9B7722}.Release|x86.ActiveCfg = Release|Win32
		{0D85EEA5-2442-4BA8-8D6C-6F6E6D9B7722}.Release|x86.Build.0 = Release|Win32
		{20DD0659-C429-4990-ADA9-8C588D78020E}.Debug|x64.ActiveCfg = Debug|x64
		{20DD0659-C429-4990-ADA9-8C588D78020E}.Debug|x64.Build.0 = Debug|x64
		{20DD0659-C429-4990-ADA9-8C588D78020E}.Debug|x86.ActiveCfg = Debug|Win32
		{20DD0659-C429-4990-ADA9-8C588D78020E}.Debug|x86.Build.0 = Debug|Win32
		{20DD0659-C429-4990-ADA9-8C588D78020E}.Release|x64.ActiveCfg = Release|x64
		{20DD0659-C429-4990-ADA9-8C588D78020E}.Release|x64.Build.0 = Release|x64
		{20DD0659-C429-4990-ADA9-8C588D78020E}.Release|x86.ActiveCfg = Release|Win32
		{20DD0659-C429-4990-ADA9-8C588D78020E}.Release|x86.Build.0 = Release|Win32
		{86ADE5FD-5F4D-4010-8428-A54B87AF4F99}.Debug|x64.ActiveCfg = Debug|x64
		{86ADE5FD-5F4D-4010-8428-A54B87AF4F99}.Debug|x64.Build.0 = Debug|x64
		{86ADE5FD-5F4D-4010-8428-A54B87AF4F99}.Debug|x86.ActiveCfg = Debug|Win32
		{86ADE5FD-5F4D-4010-8428-A54B87AF4F99}.Debug|x86.Build.0 = Debug|Win32
		{86ADE5FD-5F4D-4010-8428-A54B87AF4F99}.Release|x64.ActiveCfg = Release|x64
		{86ADE5FD-5F4D-4010-8428-A54B87AF4F99}.Release|x64.Build.0 = Release|x64
		{86ADE5FD-5F4D-4010-8428-A54B87AF4F99}.Release|x86.ActiveCfg = Release|Win32
		{86ADE5FD-5F4D-4010-8428-A54B87AF4F99}.Release|x86.Build.0 = Release|Win32
		{C3F555A0-0EB6-41B9-8FB7-8B0BDA2EE792}.Debug|x64.ActiveCfg = Debug|x64
		{C3F555A0-0EB6-41B9-8FB7-8B0BDA2EE792}.Debug|x64.Build.0 = Debug|x64
		{C3F555A0-0EB6-41B9-8FB7-8B0BDA2EE792}.Debug|x86.ActiveCfg = Debug|Win32
		{C3F555A0-0EB6-41B9-8FB7-8B0BDA2EE792}.Debug|x86.Build.0 = Debug|Win32
		{C3F555A0-0EB6-41B9-8FB7-8B0BDA2EE792}.Release|x64.ActiveCfg = Release|x64
		{C3F555A0-0EB6-41B9-8FB7-8B0BDA2EE792}.Release|x64.Build.0 = Release|x64
		{C3F555A0-0EB6-41B9-8FB7-8B0BDA2EE792}.Release|x86.ActiveCfg = Release|Win32
		{C3F555A0-0EB6-41B9-8FB7-8B0BDA2EE792}.Release|x86.Build.0 = Release|Win32
		{11392E96-7530-4664-9021-D8AA6244E148}.Debug|x64.ActiveCfg = Debug|x64
		{11392E96-7530-4664-9021-D8AA6244E148}.Debug|x64.Build.0 = Debug|x64
		{11392E96-7530-4664-9021-D8AA6244E148}.Debug|x86.ActiveCfg = Debug|Win32
		{11392E96-7530-4664-9021-D8AA6244E148}.Debug|x86.Build.0 = Debug|Win32
		{11392E96-7530-4664-9021-D8AA6244E148}.Release|x64.ActiveCfg = Release|x64
		{11392E96-7530-4664-9021-D8AA6244E148}.Release|x64.Build.0 = Release|x64
		{11392E96-7530-4664-9021-D8AA6244E148}.Release|x86.ActiveCfg = Release|Win32
		{11392E96-7530-4664-9021-D8AA6244E148}.Release|x86.Build.0 = Release|Win32
		{A88F1483-A25B-4B69-9BF3-01F68DBC9746}.Debug|x64.ActiveCfg = Debug|x64
		{A88F1483-A25B-4B69-9BF3-01F68DBC9746}.Debug|x64.Build.0 = Debug|x64
		{A88F1483-A25B-4B69-9BF3-01F68DBC9746}.Debug|x86.ActiveCfg = Debug|Win32
		{A88F1483-A25B-4B69-9BF3-01F68DBC9746}.Debug|x86.Build.0 = Debug|Win32
		{A88F1483-A25B-4B69-9BF3-01F68DBC9746}.Release|x64.ActiveCfg = Release|x64
		{A88F1483-A25B-4B69-9BF3-01F68DBC9746}.Release|x64.Build.0 = Release|x64
		{A88F1483-A25B-4B69-9BF3-01F68DBC9746}.Release|x86.ActiveCfg = Release|Win32
		{A88F1483-A25B-4B69-9BF3-01F68DBC9746}.Release|x86.Build.0 = Release|Win32
		{800FAC3E-7B8E-480A-A58D-A0AB58324BDD}.Debug|x64.ActiveCfg = Debug|x64
		{800FAC3E-7B8E-480A-A58D-A0AB58324BDD}.Debug|x64.Build.0 = Debug|x64
		{800FAC3E-7B8E-480A-A58D-A0AB58324BDD}.Debug|x86.ActiveCfg = Debug|Win32
		{800FAC3E-7B8E-480A-A58D-A0AB58324BDD}.Debug|x86.Build.0 = Debug|Win32
		{800FAC3E-7B8E-480A-A58D-A0AB58324BDD}.Release|x64.ActiveCfg = Release|x64
		{800FAC3E-7B8E-480A-A58D-A0AB58324BDD}.Release|x64.Build.0 = Release|x64
		{800FAC3E-7B8E-480A-A58D-A0AB58324BDD}.Release|x86.ActiveCfg = Release|Win32
		{800FAC3E-7B8E-480A-A58D-A0AB58324BDD}.Release|x86.Build.0 = Release|Win32
		{8D7EF1EB-5DAB-4681-9296-260591343F6E}.Debug|x64.ActiveCfg = Debug|x64
		{8D7EF1EB-5DAB-4681-9296-260591343F6E}.Debug|x64.Build.0 = Debug|x64
		{8D7EF1EB-5DAB-4681-9296-260591343F6E}.Debug|x86.ActiveCfg = Debug|Win32
		{8D7EF1EB-5DAB-4681-9296-260591343F6E}.Debug|x86.Build.0 = Debug|Win32
		{8D7EF1EB-5DAB-4681-9296-260591343F6E}.Release|x64.ActiveCfg = Release|x64
		{8D7EF1EB-5DAB-4681-9296-260591343F6E}.Release|x64.Build.0 = Release|x64
		{8D7EF1EB-5DAB-4681-9296-260591343F6E}.Release|x86.ActiveCfg = Release|Win32
		{8D7EF1EB-5DAB-4681-9296-260591343F6E}.Release|x86.Build.0 = Release|Win32
		{A1E3EF8B-1B62-4894-A9C2-C7F0B6471298}.Debug|x64.ActiveCfg = Debug|x64
		{A1E3EF8B-1B62-4894-A9C2-C7F0B6471298}.Debug|x64.Build.0 = Debug|x64
		{A1E3EF8B-1B62-4894-A9C2-C7F0B6471298}.Debug|x86.ActiveCfg = Debug|Win32
		{A1E3EF8B-1B62-4894-A9C2-C7F0B6471298}.Debug|x86.Build.0 = Debug|Win32
		{A1E3EF8B-1B62-4894-A9C2-C7F0B6471298}.Release|x64.ActiveCfg = Release|x64
		{A1E3EF8B-1B62-4894-A9C2-C7F0B6471298}.Release|x64.Build.0 = Release|x64
		{A1E3EF8B-1B62-4894-A9C2-C7F0B6471298}.Release|x86.ActiveCfg = Release|Win32
		{A1E3EF8B-1B62-4894-A9C2-C7F0B6471298}.Release|x86.Build.0 = Release|Win32
		{CF9347BD-4C6F-427F-A8DA-511D6F3971ED}.Debug|x64.ActiveCfg = Debug|x64
		{CF9347BD-4C6F-427F-A8DA-511D6F3971ED}.Debug|x64.Build.0 = Debug|x64
		{CF9347BD-4C6F-427F-A8DA-511D6F3971ED}.Debug|x86.ActiveCfg = Debug|Win32
		{CF9347BD-4C6F-427F-A8DA-511D6F3971ED}.Debug|x86.Build.0 = Debug|Win32
		{CF9347BD-4C6F-427F-A8DA-511D6F3971ED}.Release|x64.ActiveCfg = Release|x64
		{CF9347BD-4C6F-427F-A8DA-511D6F3971ED}.Release|x64.Build.0 = Release|x64
		{CF9347BD-4C6F-427F-A8DA-511D6F3971ED}.Release|x86.ActiveCfg = Release|Win32
		{CF9347BD-4C6F-427F-A8DA-511D6F3971ED}.Release|x86.Build.0 = Release|Win32
		{308344D4-694B-455F-81AB-6B964D316069}.Debug|x64.ActiveCfg = Debug|x64
		{308344D4-694B-455F-81AB-6B964D316069}.Debug|x64.Build.0 = Debug|x64
		{308344D4-694B-455F-81AB-6B964D316069}.Debug|x86.ActiveCfg = Debug|Win32
		{308344D4-694B-455F-81AB-6B964D316069}.Debug|x86.Build.0 = Debug|Win32
		{308344D4-694B-455F-81AB-6B964D316069}.Release|x64.ActiveCfg = Release|x64
		{308344D4-694B-455F-81AB-6B964D316069}.Release|x64.Build.0 = Release|x64
		{308344D4-694B-455F-81AB-6B964D316069}.Release|x86.ActiveCfg = Release|Win32
		{308344D4-694B-455F-81AB-6B964D316069}.Release|x86.Build.0 = Release|Win32
		{D17542E4-EA43-42C8-8D08-709127260A83}.Debug|x64.ActiveCfg = Debug|x64
		{D17542E4-EA43-42C8-8D08-709127260A83}.Debug|x64.Build.0 = Debug|x64
		{D17542E4-EA43-42C8-8D08-709127260A83}.Debug|x86.ActiveCfg = Debug|Win32
		{D17542E4-EA43-42C8-8D08-709127260A83}.Debug|x86.Build.0 = Debug|Win32
		{D17542E4-EA43-42C8-8D08-709127260A83}.Release|x64.ActiveCfg = Release|x64
		{D17542E4-EA43-42C8-8D08-709127260A83}.Release|x64.Build.0 = Release|x64
		{D17542E4-EA43-42C8-8D08-709127260A83}.Release|x86.ActiveCfg = Release|Win32
		{D17542E4-EA43-42C8-8D08-709127260A83}.Release|x86.Build.0 = Release|Win32
		{1441E59F-D278-4291-9153-C2AC2E3337D1}.Debug|x64.ActiveCfg = Debug|x64
		{1441E59F-D278-4291-9153-C2AC2E3337D1}.Debug|x64.Build.0 = Debug|x64
		{1441E59F-D278-4291-9153-C2AC2E3337D1}.Debug|x86.ActiveCfg = Debug|Win32
		{1441E59F-D278-4291-9153-C2AC2E3337D1}.Debug|x86.Build.0 = Debug|Win32
		{1441E59F-D278-4291-9153-C2AC2E3337D1}.Release|x64.ActiveCfg = Release|x64
		{1441E59F-D278-4291-9153-C2AC2E3337D1}.Release|x64.Build.0 = Release|x64
		{1441E59F-D278-4291-9153-C2AC2E3337D1}.Release|x86.ActiveCfg = Release|Win32
		{1441E59F-D278-4291-9153-C2AC2E3337D1}.Release|x86.Build.0 = Release|Win32
		{1E5B25EA-C71B-4898-8153-2EDE7A1CB491}.Debug|x64.ActiveCfg = Debug|x64
		{1E5B25EA-C71B-4898-8153-2EDE7A1CB491}.Debug|x64.Build.0 = Debug|x64
		{1E5B25EA-C71B-4898-8153-2EDE7A1CB491}.Debug|x86.ActiveCfg = Debug|Win32
		{1E5B25EA-C71B-4898-8153-2EDE7A1CB491}.Debug|x86.Build.0 = Debug|Win32
		{1E5B25EA-C71B-4898-8153-2EDE7A1CB491}.Release|x64.ActiveCfg = Release|x64
		{1E5B25EA-C71B-4898-8153-2EDE7A1CB491}.Release|x64.Build.0 = Release|x64
		{1E5B25EA-C71B-4898-8153-2EDE7A1CB491}.Release|x86.ActiveCfg = Release|Win32
		{1E5B25EA-C71B-4898-8153-2EDE7A1CB491}.Release|x86.Build.0 = Release|Win32
		{5FFE3225-F11F-47D7-946E-AFA9DA742F6F}.Debug|x64.ActiveCfg = Debug|x64
		{5FFE3225-F11F-47D7-946E-AFA9DA742F6F}.Debug|x64.Build.0 = Debug|x64
		{5FFE3225-F11F-47D7-946E-AFA9DA742F6F}.Debug|x86.ActiveCfg = Debug|Win32
		{5FFE3225-F11F-47D7-946E-AFA9DA742F6F}.Debug|x86.Build.0 = Debug|Win32
		{5FFE3225-F11F-47D7-946E-AFA9DA742F6F}.Release|x64.ActiveCfg = Release|x64
		{5FFE3225-F11F-47D7-946E-AFA9DA742F6F}.Release|x64.Build.0 = Release|x64
		{5FFE3225-F11F-47D7-946E-AFA9DA742F6F}.Release|x86.ActiveCfg = Release|Win32
		{5FFE3225-F11F-47D7-946E-AFA9DA742F6F}.Release|x86.Build.0 = Release|Win32
		{41BD0621-08A6-431E-94EB-E2C8BBAC94EB}.Debug|x64.ActiveCfg = Debug|x64
		{41BD0621-08A6-431E-94EB-E2C8BBAC94EB}.Debug|x64.Build.0 = Debug|x64
		{41BD0621-08A6-431E-94EB-E2C8BBAC94EB}.Debug|x86.ActiveCfg = Debug|Win32
		{41BD0621-08A6-431E-94EB-E2C8BBAC94EB}.Debug|x86.Build.0 = Debug|Win32
		{41BD0621-08A6-431E-94EB-E2C8BBAC94EB}.Release|x64.ActiveCfg = Release|x64
		{41BD0621-08A6-431E-94EB-E2C8BBAC94EB}.Release|x64.Build.0 = Release|x64
		{41BD0621-08A6-431E-94EB-E2C8BBAC94EB}.Release|x86.ActiveCfg = Release|Win32
		{41BD0621-08A6-431E-94EB-E2C8BBAC94EB}.Release|x86.Build.0 = Release|Win32
		{7C644721-2EAF-48EF-A298-D6AC4446CECE}.Debug|x64.ActiveCfg = Debug|x64
		{7C644721-2EAF-48EF-A298-D6AC4446CECE}.Debug|x64.Build.0 = Debug|x64
		{7C644721-2EAF-48EF-A298-D6AC4446CECE}.Debug|x86.ActiveCfg = Debug|Win32
		{7C644721-2EAF-48EF-A298-D6AC4446CECE}.Debug|x86.Build.0 = Debug|Win32
		{7C644721-2EAF-48EF-A298-D6AC4446CECE}.Release|x64.ActiveCfg = Release|x64
		{7C644721-2EAF-48EF-A298-D6AC4446CECE}.Release|x64.Build.0 = Release|x64
		{7C644721-2EAF-48EF-A298-D6AC4446CECE}.Release|x86.ActiveCfg = Release|Win32
		{7C644721-2EAF-48EF-A298-D6AC4446CECE}.Release|x86.Build.0 = Release|Win32
		{7180D2B2-A42D-4139-9B1F-C065AE43857A}.Debug|x64.ActiveCfg = Debug|x64
		{7180D2B2-A42D-4139-9B1F-C065AE43857A}.Debug|x64.Build.0 = Debug|x64
		{7180D2B2-A42D-4139-9B1F-C065AE43857A}.Debug|x86.ActiveCfg = Debug|Win32
		{7180D2B2-A42D-4139-9B1F-C065AE43857A}.Debug|x86.Build.0 = Debug|Win32
		{7180D2B2-A42D-4139-9B1F-C065AE43857A}.Release|x64.ActiveCfg = Release|x64
		{7180D2B2-A42D-4139-9B1F-C065AE43857A}.Release|x64.Build.0 = Release|x64
		{7180D2B2-A42D-4139-9B1F-C065AE43857A}.Release|x86.ActiveCfg = Release|Win32
		{7180D2B2-A42D-4139-9B1F-C065AE43857A}.Release|x86.Build.0 = Release|Win32
		{57DE9FC8-C223-4E8D-9D7E-9078BD61B900}.Debug|x64.ActiveCfg = Debug|x64
		{57DE9FC8-C223-4E8D-9D7E-9078BD61B900}.Debug|x64.Build.0 = Debug|x64
		{57DE9FC8-C223-4E8D-9D7E-9078BD61B900}.Debug|x86.ActiveCfg = Debug|Win32
		{57DE9FC8-C223-4E8D-9D7E-9078BD61B900}.Debug|x86.Build.0 = Debug|Win32
		{57DE9FC8-C223-4E8D-9D7E-9078BD61B900}.Release|x64.ActiveCfg = Release|x64
		{57DE9FC8-C223-4E8D-9D7E-9078BD61B900}.Release|x64.Build.0 = Release|x64
		{57DE9FC8-C223-4E8D-9D7E-9078BD61B900}.Release|x86.ActiveCfg = Release|Win32
		{57DE9FC8-C223-4E8D-9D7E-9078BD61B900}.Release|x86.Build.0 = Release|Win32
		{B7E23A86-E5EA-4CFC-8094-2AA59611C9BE}.Debug|x64.ActiveCfg = Debug|x64
		{B7E23A86-E5EA-4CFC-8094-2AA59611C9BE}.Debug|x64.Build.0 = Debug|x64
		{B7E23A86-E5EA-4CFC-8094-2AA59611C9BE}.Debug|x86.ActiveCfg = Debug|Win32
		{B7E23A86-E5EA-4CFC-8094-2AA59611C9BE}.Debug|x86.Build.0 = Debug|Win32
		{B7E23A86-E5EA-4CFC-8094-2AA59611C9BE}.Release|x64.ActiveCfg = Release|x64
		{B7E23A86-E5EA-4CFC-8094-2AA59611C9BE}.Release|x64.Build.0 = Release|x64
		{B7E23A86-E5EA-4CFC-8094-2AA59611C9BE}.Release|x86.ActiveCfg = Release|Win32
		{B7E23A86-E5EA-4CFC-8094-2AA59611C9BE}.Release|x86.Build.0 = Release|Win32
		{81545712-9AB5-418D-A30A-5449E286C2F4}.Debug|x64.ActiveCfg = Debug|x64
		{81545712-9AB5-418D-A30A-5449E286C2F4}.Debug|x64.Build.0 = Debug|x64
		{81545712-9AB5-418D-A30A-5449E286C2F4}.Debug|x86.ActiveCfg = Debug|Win32
		{81545712-9AB5-418D-A30A-5449E286C2F4}.Debug|x86.Build.0 = Debug|Win32
		{81545712-9AB5-418D-A30A-5449E286C2F4}.Release|x64.ActiveCfg = Release|x64
		{81545712-9AB5-418D-A30A-5449E286C2F4}.Release|x64.Build.0 = Release|x64
		{81545712-9AB5-418D-A30A-5449E286C2F4}.Release|x86.ActiveCfg = Release|Win32
		{81545712-9AB5-418D-A30A-5449E286C2F4}.Release|x86.Build.0 = Release|Win32
		{3977EEC4-0586-493E-ACF9-517C223D52AC}.Debug|x64.ActiveCfg = Debug|x64
		{3977EEC4-0586-493E-ACF9-517C223D52AC}.Debug|x64.Build.0 = Debug|x64
		{3977EEC4-0586-493E-ACF9-517C223D52AC}.Debug|x86.ActiveCfg = Debug|Win32
		{3977EEC4-0586-493E-ACF9-517C223D52AC}.Debug|x86.Build.0 = Debug|Win32
		{3977EEC4-0586-493E-ACF9-517C223D52AC}.Release|x64.ActiveCfg = Release|x64
		{3977EEC4-0586-493E-ACF9-517C223D52AC}.Release|x64.Build.0 = Release|x64
		{3977EEC4-0586-493E-ACF9-517C223D52AC}.Release|x86.ActiveCfg = Release|Win32
		{3977EEC4-0586-493E-ACF9-517C223D52AC}.Release|x86.Build.0 = Release|Win32
		{1192778E-7B49-41C1-B065-B5393D3DAB6C}.Debug|x64.ActiveCfg = Debug|x64
		{1192778E-7B49-41C1-B065-B5393D3DAB6C}.Debug|x64.Build.0 = Debug|x64
		{1192778E-7B49-41C1-B065-B5393D3DAB6C}.Debug|x86.ActiveCfg = Debug|Win32
		{1192778E-7B49-41C1-B065-B5393D3DAB6C}.Debug|x86.Build.0 = Debug|Win32
		{1192778E-7B49-41C1-B065-B5393D3DAB6C}.Release|x64.ActiveCfg = Release|x64
		{1192778E-7B49-41C1-B065-B5393D3DAB6C}.Release|x64.Build.0 = Release|x64
		{1192778E-7B49-41C1-B065-B5393D3DAB6C}.Release|x86.ActiveCfg = Release|Win32
		{1192778E-7B49-41C1-B065-B5393D3DAB6C}.Release|x86.Build.0 = Release|Win32
		{82E45D3F-287E-4422-91C8-48BF7AF984B9}.Debug|x64.ActiveCfg = Debug|x64
		{82E45D3F-287E-4422-91C8-48BF7AF984B9}.Debug|x64.Build.0 = Debug|x64
		{82E45D3F-287E-4422-91C8-48BF7AF984B9}.Debug|x86.ActiveCfg = Debug|Win32
		{82E45D3F-287E-4422-91C8-48BF7AF984B9}.Debug|x86.Build.0 = Debug|Win32
		{82E45D3F-287E-4422-91C8-48BF7AF984B9}.Release|x64.ActiveCfg = Release|x64
		{82E45D3F-287E-4422-91C8-48BF7AF984B9}.Release|x64.Build.0 = Release|x64
		{82E45D3F-287E-4422-91C8-48BF7AF984B9}.Release|x86.ActiveCfg = Release|Win32
		{82E45D3F-287E-4422-91C8-48BF7AF984B9}.Release|x86.Build.0 = Release|Win32
		{A71A0A93-6CA4-4194-A53C-603F8FC283A4}.Debug|x64.ActiveCfg = Debug|x64
		{A71A0A93-6CA4-4194-A53C-603F8FC283A4}.Debug|x64.Build.0 = Debug|x64
		{A71A0A93-6CA4-4194-A53C-603F8FC283A4}.Debug|x86.ActiveCfg = Debug|Win32
		{A71A0A93-6CA4-4194-A53C-603F8FC283A4}.Debug|x86.Build.0 = Debug|Win32
		{A71A0A93-6CA4-4194-A53C-603F8FC283A4}.Release|x64.ActiveCfg = Release|x64
		{A71A0A93-6CA4-4194-A53C-603F8FC283A4}.Release|x64.Build.0 = Release|x64
		{A71A0A93-6CA4-4194-A53C-603F8FC283A4}.Release|x86.ActiveCfg = Release|Win32
		{A71A0A93-6CA4-4194-A53C-603F8FC283A4}.Release|x86.Build.0 = Release|Win32
		{5DFB3346-3AD8-44A0-85FF-51252D0FB9FF}.Debug|x64.ActiveCfg = Debug|x64
		{5DFB3346-3AD8-44A0-85FF-51252D0FB9FF}.Debug|x64.Build.0 = Debug|x64
		{5DFB3346-3AD8-44A0-85FF-51252D0FB9FF}.Debug|x86.ActiveCfg = Debug|Win32
		{5DFB3346-3AD8-44A0-85FF-51252D0FB9FF}.Debug|x86.Build.0 = Debug|Win32
		{5DFB3346-3AD8-44A0-85FF-51252D0FB9FF}.Release|x64.ActiveCfg = Release|x64
		{5DFB3346-3AD8-44A0-85FF-51252D0FB9FF}.Release|x64.Build.0 = Release|x64
		{5DFB3346-3AD8-44A0-85FF-51252D0FB9FF}.Release|x86.ActiveCfg = Release|Win32
		{5DFB3346-3AD8-44A0-85FF-51252D0FB9FF}.Release|x86.Build.0 = Release|Win32
		{D15B1E12-AABF-442C-8364-E033A1336C75}.Debug|x64.ActiveCfg = Debug|x64
		{D15B1E12-AABF-442C-8364-E033A1336C75}.Debug|x64.Build.0 = Debug|x64
		{D15B1E12-AABF-442C-8364-E033A1336C75}.Debug|x86.ActiveCfg = Debug|Win32
		{D15B1E12-AABF-442C-8364-E033A1336C75}.Debug|x86.Build.0 = Debug|Win32
		{D15B1E12-AABF-442C-8364-E033A1336C75}.Release|x64.ActiveCfg = Release|x64
		{D15B1E12-AABF-442C-8364-E033A1336C75}.Release|x64.Build.0 = Release|x64
		{D15B1E12-AABF-442C-8364-E033A1336C75}.Release|x86.ActiveCfg = Release|Win32
		{D15B1E12-AABF-442C-8364-E033A1336C75}.Release|x86.Build.0 = Release|Win32
		{1AC7B84D-7222-44C3-BB96-A980DD7CAFD3}.Debug|x64.ActiveCfg = Debug|x64
		{1AC7B84D-7222-44C3-BB96-A980DD7CAFD3}.Debug|x64.Build.0 = Debug|x64
		{1AC7B84D-7222-44C3-BB96-A980DD7CAFD3}.Debug|x86.ActiveCfg = Debug|Win32
		{1AC7B84D-7222-44C3-BB96-A980DD7CAFD3}.Debug|x86.Build.0 = Debug|Win32
		{1AC7B84D-7222-44C3-BB96-A980DD7CAFD3}.Release|x64.ActiveCfg = Release|x64
		{1AC7B84D-7222-44C3-BB96-A980DD7CAFD3}.Release|x64.Build.0 = Release|x64
		{1AC7B84D-7222-44C3-BB96-A980DD7CAFD3}.Release|x86.ActiveCfg = Release|Win32
		{1AC7B84D-7222-44C3-BB96-A980DD7CAFD3}.Release|x86.Build.0 = Release|Win32
		{13BC423A-781B-4C5E-BE12-5B01F0BE99E0}.Debug|x64.ActiveCfg = Debug|x64
		{13BC423A-781B-4C5E-BE12-5B01F0BE99E0}.Debug|x64.Build.0 = Debug|x64
		{13BC423A-781B-4C5E-BE12-5B01F0BE99E0}.Debug|x86.ActiveCfg = Debug|Win32
		{13BC423A-781B-4C5E-BE12-5B01F0BE99E0}.Debug|x86.Build.0 = Debug|Win32
		{13BC423A-781B-4C5E-BE12-5B01F0BE99E0}.Release|x64.ActiveCfg = Release|x64
		{13BC423A-781B-4C5E-BE12-5B01F0BE99E0}.Release|x64.Build.0 = Release|x64
		{13BC423A-781B-4C5E-BE12-5B01F0BE99E0}.Release|x86.ActiveCfg = Release|Win32
		{13BC423A-781B-4C5E-BE12-5B01F0BE99E0}.Release|x86.Build.0 = Release|Win32
		{756BDD50-AE2B-424D-BCA6-63C3620406F9}.Debug|x64.ActiveCfg = Debug|x64
		{756BDD50-AE2B-424D-BCA6-63C3620406F9}.Debug|x64.Build.0 = Debug|x64
		{756BDD50-AE2B-424D-BCA6-63C3620406F9}.Debug|x86.ActiveCfg = Debug|Win32
		{756BDD50-AE2B-424D-BCA6-63C3620406F9}.Debug|x86.Build.0 = Debug|Win32
		{756BDD50-AE2B-424D-BCA6-63C3620406F9}.Release|x64.ActiveCfg = Release|x64
		{756BDD50-AE2B-424D-BCA6-63C3620406F9}.Release|x64.Build.0 = Release|x64
		{756BDD50-AE2B-424D-BCA6-63C3620406F9}.Release|x86.ActiveCfg = Release|Win32
		{756BDD50-AE2B-424D-BCA6-63C3620406F9}.Release|x86.Build.0 = Release|Win32
		{F06F2E9D-AD0B-4660-B793-51ED9D3AE13A}.Debug|x64.ActiveCfg = Debug|x64
		{F06F2E9D-AD0B-4660-B793-51ED9D3AE13A}.Debug|x64.Build.0 = Debug|x64
		{F06F2E9D-AD0B-4660-B793-51ED9D3AE13A}.Debug|x86.ActiveCfg = Debug|Win32
		{F06F2E9D-AD0B-4660-B793-51ED9D3AE13A}.Debug|x86.Build.0 = Debug|Win32
		{F06F2E9D-AD0B-4660-B793-51ED9D3AE13A}.Release|x64.ActiveCfg = Release|x64
		{F06F2E9D-AD0B-4660-B793-51ED9D3AE13A}.Release|x64.Build.0 = Release|x64
		{F06F2E9D-AD0B-4660-B793-51ED9D3AE13A}.Release|x86.ActiveCfg = Release|Win32
		{F06F2E9D-AD0B-4660-B793-51ED9D3AE13A}.Release|x86.Build.0 = Release|Win32
	EndGlobalSection
	GlobalSection(SolutionProperties) = preSolution
		HideSolutionNode = FALSE
	EndGlobalSection
	GlobalSection(ExtensibilityGlobals) = postSolution
		SolutionGuid = {22607A57-7EA9-4935-B567-CFDFBFC4A5E3}
	EndGlobalSection
EndGlobal
